// !$*UTF8*$!
{
	archiveVersion = 1;
	classes = {
	};
	objectVersion = 46;
	objects = {

/* Begin PBXBuildFile section */
		8418463B1C4CBDA000F8AF89 /* LPYGesturesUnlockViewController.m in Sources */ = {isa = PBXBuildFile; fileRef = 8418463A1C4CBDA000F8AF89 /* LPYGesturesUnlockViewController.m */; };
		8418463F1C4CC07900F8AF89 /* LPYTouchIDViewController.m in Sources */ = {isa = PBXBuildFile; fileRef = 8418463E1C4CC07900F8AF89 /* LPYTouchIDViewController.m */; };
		841846421C4CC10D00F8AF89 /* LPYMainViewController.m in Sources */ = {isa = PBXBuildFile; fileRef = 841846411C4CC10D00F8AF89 /* LPYMainViewController.m */; };
		841846451C4CD15700F8AF89 /* LPYGestureViewController.m in Sources */ = {isa = PBXBuildFile; fileRef = 841846441C4CD15700F8AF89 /* LPYGestureViewController.m */; };
		841846491C4CD4B200F8AF89 /* LPYCircle.m in Sources */ = {isa = PBXBuildFile; fileRef = 841846481C4CD4B200F8AF89 /* LPYCircle.m */; };
		8418464C1C4CD4DA00F8AF89 /* LPYCircleView.m in Sources */ = {isa = PBXBuildFile; fileRef = 8418464B1C4CD4DA00F8AF89 /* LPYCircleView.m */; };
		8418464F1C4CD4EA00F8AF89 /* LPYCircleViewConst.m in Sources */ = {isa = PBXBuildFile; fileRef = 8418464E1C4CD4EA00F8AF89 /* LPYCircleViewConst.m */; };
		841FB6411C3CB88B007B1762 /* LPYQRCodeViewController.m in Sources */ = {isa = PBXBuildFile; fileRef = 841FB63F1C3CB88B007B1762 /* LPYQRCodeViewController.m */; };
		841FB6421C3CB88B007B1762 /* LPYQRCodeViewController.xib in Resources */ = {isa = PBXBuildFile; fileRef = 841FB6401C3CB88B007B1762 /* LPYQRCodeViewController.xib */; };
		841FB6461C3CD10B007B1762 /* UIView+Extension.m in Sources */ = {isa = PBXBuildFile; fileRef = 841FB6451C3CD10B007B1762 /* UIView+Extension.m */; };
		841FB6491C3CD184007B1762 /* UIImage+Extension.m in Sources */ = {isa = PBXBuildFile; fileRef = 841FB6481C3CD184007B1762 /* UIImage+Extension.m */; };
		842F6CC21C3FC4940031AC16 /* LPYNumberButton.m in Sources */ = {isa = PBXBuildFile; fileRef = 842F6CB61C3FC4940031AC16 /* LPYNumberButton.m */; };
		842F6CC31C3FC4940031AC16 /* LPYNumberPad.m in Sources */ = {isa = PBXBuildFile; fileRef = 842F6CB81C3FC4940031AC16 /* LPYNumberPad.m */; };
		842F6CC41C3FC4940031AC16 /* LPYNumberPadDefaultStyle.m in Sources */ = {isa = PBXBuildFile; fileRef = 842F6CBA1C3FC4940031AC16 /* LPYNumberPadDefaultStyle.m */; };
		842F6CC51C3FC4940031AC16 /* LPYPasswordKeyBoardViewController.m in Sources */ = {isa = PBXBuildFile; fileRef = 842F6CBC1C3FC4940031AC16 /* LPYPasswordKeyBoardViewController.m */; };
		842F6CC61C3FC4940031AC16 /* UIImage+LPYNumberPad.m in Sources */ = {isa = PBXBuildFile; fileRef = 842F6CBE1C3FC4940031AC16 /* UIImage+LPYNumberPad.m */; };
		842F6CC71C3FC4940031AC16 /* LPYLightShowViewController.m in Sources */ = {isa = PBXBuildFile; fileRef = 842F6CC11C3FC4940031AC16 /* LPYLightShowViewController.m */; };
		842F6CCB1C3FC49A0031AC16 /* LPYCommonHelp.m in Sources */ = {isa = PBXBuildFile; fileRef = 842F6CCA1C3FC49A0031AC16 /* LPYCommonHelp.m */; };
		842F6CCD1C3FC5AD0031AC16 /* LPYNumberPad.bundle in Resources */ = {isa = PBXBuildFile; fileRef = 842F6CCC1C3FC5AD0031AC16 /* LPYNumberPad.bundle */; };
		84441E001C3E80180059BEDA /* noticeMusic.wav in Resources */ = {isa = PBXBuildFile; fileRef = 84441DFF1C3E80180059BEDA /* noticeMusic.wav */; };
		84885F7C1C4789D200EC90E4 /* LPYBussinessCardView.m in Sources */ = {isa = PBXBuildFile; fileRef = 84885F7B1C4789D200EC90E4 /* LPYBussinessCardView.m */; };
		84885F7F1C478CCA00EC90E4 /* LPYBussinessCardModel.m in Sources */ = {isa = PBXBuildFile; fileRef = 84885F7E1C478CCA00EC90E4 /* LPYBussinessCardModel.m */; };
		84885F821C478D0400EC90E4 /* LPYBussinessCardViewController.m in Sources */ = {isa = PBXBuildFile; fileRef = 84885F811C478D0400EC90E4 /* LPYBussinessCardViewController.m */; };
		84885F861C47935300EC90E4 /* LPYBussinessNewCardModel.m in Sources */ = {isa = PBXBuildFile; fileRef = 84885F851C47935300EC90E4 /* LPYBussinessNewCardModel.m */; };
		84885F891C47970B00EC90E4 /* LPYBussinessBaseCardAdapter.m in Sources */ = {isa = PBXBuildFile; fileRef = 84885F881C47970B00EC90E4 /* LPYBussinessBaseCardAdapter.m */; };
		84885F8C1C4799C300EC90E4 /* LPYBussinessCardModelAdapter.m in Sources */ = {isa = PBXBuildFile; fileRef = 84885F8B1C4799C300EC90E4 /* LPYBussinessCardModelAdapter.m */; };
		84885F8F1C4799E900EC90E4 /* LPYBussinessNewCardModelAdapter.m in Sources */ = {isa = PBXBuildFile; fileRef = 84885F8E1C4799E900EC90E4 /* LPYBussinessNewCardModelAdapter.m */; };
		84885F921C47A45000EC90E4 /* LPYBussinessCardAdapter.m in Sources */ = {isa = PBXBuildFile; fileRef = 84885F911C47A45000EC90E4 /* LPYBussinessCardAdapter.m */; };
		848B2DCA1C489D10009168D3 /* LPYStrategyViewController.m in Sources */ = {isa = PBXBuildFile; fileRef = 848B2DC91C489D10009168D3 /* LPYStrategyViewController.m */; };
		848B2DCD1C489D91009168D3 /* LPYCustomField.m in Sources */ = {isa = PBXBuildFile; fileRef = 848B2DCC1C489D91009168D3 /* LPYCustomField.m */; };
		848B2DD01C48A221009168D3 /* UIButton+inits.m in Sources */ = {isa = PBXBuildFile; fileRef = 848B2DCF1C48A221009168D3 /* UIButton+inits.m */; };
		848B2DD31C48A41F009168D3 /* RegExCategories.m in Sources */ = {isa = PBXBuildFile; fileRef = 848B2DD21C48A41F009168D3 /* RegExCategories.m */; };
		848B2DD71C48A6E9009168D3 /* LPYBaseInputValidator.m in Sources */ = {isa = PBXBuildFile; fileRef = 848B2DD61C48A6E9009168D3 /* LPYBaseInputValidator.m */; };
		848B2DDA1C48A78F009168D3 /* LPYEmailValidator.m in Sources */ = {isa = PBXBuildFile; fileRef = 848B2DD91C48A78F009168D3 /* LPYEmailValidator.m */; };
		848B2DDD1C48A7A5009168D3 /* LPYPhoneNumberValidator.m in Sources */ = {isa = PBXBuildFile; fileRef = 848B2DDC1C48A7A5009168D3 /* LPYPhoneNumberValidator.m */; };
		848B2DE21C4C84A5009168D3 /* LPYOberverPatternViewController.m in Sources */ = {isa = PBXBuildFile; fileRef = 848B2DE11C4C84A5009168D3 /* LPYOberverPatternViewController.m */; };
		848B2DE51C4C853D009168D3 /* LPYSubscriptionServiceCenter.m in Sources */ = {isa = PBXBuildFile; fileRef = 848B2DE41C4C853D009168D3 /* LPYSubscriptionServiceCenter.m */; };
		849A8F261C585602002EA2F1 /* LPYDecoratorPatternViewController.m in Sources */ = {isa = PBXBuildFile; fileRef = 849A8F251C585602002EA2F1 /* LPYDecoratorPatternViewController.m */; };
		849A8F291C58565F002EA2F1 /* LPYGamePad.m in Sources */ = {isa = PBXBuildFile; fileRef = 849A8F281C58565F002EA2F1 /* LPYGamePad.m */; };
		849A8F2C1C585874002EA2F1 /* LPYGamePadDecorator.m in Sources */ = {isa = PBXBuildFile; fileRef = 849A8F2B1C585874002EA2F1 /* LPYGamePadDecorator.m */; };
		849A8F2F1C5859F9002EA2F1 /* LPYCheatGamePadDecorator.m in Sources */ = {isa = PBXBuildFile; fileRef = 849A8F2E1C5859F9002EA2F1 /* LPYCheatGamePadDecorator.m */; };
		849A8F321C585A7E002EA2F1 /* LPYCoinGamePadDecorator.m in Sources */ = {isa = PBXBuildFile; fileRef = 849A8F311C585A7E002EA2F1 /* LPYCoinGamePadDecorator.m */; };
		849A8F351C585D87002EA2F1 /* LPYGamePad+LPYCheat.m in Sources */ = {isa = PBXBuildFile; fileRef = 849A8F341C585D87002EA2F1 /* LPYGamePad+LPYCheat.m */; };
		849A8F381C585DB2002EA2F1 /* LPYGamePad+LPYCoin.m in Sources */ = {isa = PBXBuildFile; fileRef = 849A8F371C585DB2002EA2F1 /* LPYGamePad+LPYCoin.m */; };
		849A8F4E1C589859002EA2F1 /* LPYCircle1.m in Sources */ = {isa = PBXBuildFile; fileRef = 849A8F3C1C589859002EA2F1 /* LPYCircle1.m */; };
		849A8F4F1C589859002EA2F1 /* LPYRectangle.m in Sources */ = {isa = PBXBuildFile; fileRef = 849A8F3E1C589859002EA2F1 /* LPYRectangle.m */; };
		849A8F501C589859002EA2F1 /* LPYShape.m in Sources */ = {isa = PBXBuildFile; fileRef = 849A8F401C589859002EA2F1 /* LPYShape.m */; };
		849A8F511C589859002EA2F1 /* LPYShapeMaker.m in Sources */ = {isa = PBXBuildFile; fileRef = 849A8F421C589859002EA2F1 /* LPYShapeMaker.m */; };
		849A8F521C589859002EA2F1 /* LPYBaseCopyObject.m in Sources */ = {isa = PBXBuildFile; fileRef = 849A8F441C589859002EA2F1 /* LPYBaseCopyObject.m */; };
		849A8F531C589859002EA2F1 /* LPYDepartmentModel.m in Sources */ = {isa = PBXBuildFile; fileRef = 849A8F461C589859002EA2F1 /* LPYDepartmentModel.m */; };
		849A8F541C589859002EA2F1 /* LPYPrototypePatternViewController.m in Sources */ = {isa = PBXBuildFile; fileRef = 849A8F491C589859002EA2F1 /* LPYPrototypePatternViewController.m */; };
		849A8F551C589859002EA2F1 /* LPYStudentModel.m in Sources */ = {isa = PBXBuildFile; fileRef = 849A8F4B1C589859002EA2F1 /* LPYStudentModel.m */; };
		849A8F561C589859002EA2F1 /* LPYTeacherModel.m in Sources */ = {isa = PBXBuildFile; fileRef = 849A8F4D1C589859002EA2F1 /* LPYTeacherModel.m */; };
		849A8F5D1C589D47002EA2F1 /* LPYFactoryPatternViewController.m in Sources */ = {isa = PBXBuildFile; fileRef = 849A8F5C1C589D47002EA2F1 /* LPYFactoryPatternViewController.m */; };
		849A8F601C589DE7002EA2F1 /* LPYDeviceFactory.m in Sources */ = {isa = PBXBuildFile; fileRef = 849A8F5F1C589DE7002EA2F1 /* LPYDeviceFactory.m */; };
		849A8F641C589E10002EA2F1 /* LPYBaseDevice.m in Sources */ = {isa = PBXBuildFile; fileRef = 849A8F631C589E10002EA2F1 /* LPYBaseDevice.m */; };
		849A8F681C589E47002EA2F1 /* LPYiPhoneDevice.m in Sources */ = {isa = PBXBuildFile; fileRef = 849A8F671C589E47002EA2F1 /* LPYiPhoneDevice.m */; };
		849A8F6B1C589E55002EA2F1 /* LPYAndroidDevice.m in Sources */ = {isa = PBXBuildFile; fileRef = 849A8F6A1C589E55002EA2F1 /* LPYAndroidDevice.m */; };
		849A8F6E1C589E64002EA2F1 /* LPYNokiaDevice.m in Sources */ = {isa = PBXBuildFile; fileRef = 849A8F6D1C589E64002EA2F1 /* LPYNokiaDevice.m */; };
		849A8F741C58A349002EA2F1 /* LPYFactoryManager.m in Sources */ = {isa = PBXBuildFile; fileRef = 849A8F731C58A349002EA2F1 /* LPYFactoryManager.m */; };
		849A8F771C58A390002EA2F1 /* LPYBaseFactory.m in Sources */ = {isa = PBXBuildFile; fileRef = 849A8F761C58A390002EA2F1 /* LPYBaseFactory.m */; };
		849A8F7A1C58A3B2002EA2F1 /* LPYAppleFactory.m in Sources */ = {isa = PBXBuildFile; fileRef = 849A8F791C58A3B2002EA2F1 /* LPYAppleFactory.m */; };
		849A8F7D1C58A3C3002EA2F1 /* LPYGoogleFactory.m in Sources */ = {isa = PBXBuildFile; fileRef = 849A8F7C1C58A3C3002EA2F1 /* LPYGoogleFactory.m */; };
		849A8F801C58A3EB002EA2F1 /* LPYBasePhone.m in Sources */ = {isa = PBXBuildFile; fileRef = 849A8F7F1C58A3EB002EA2F1 /* LPYBasePhone.m */; };
		849A8F831C58A400002EA2F1 /* LPYiPhone.m in Sources */ = {isa = PBXBuildFile; fileRef = 849A8F821C58A400002EA2F1 /* LPYiPhone.m */; };
		849A8F861C58A419002EA2F1 /* LPYAndroid.m in Sources */ = {isa = PBXBuildFile; fileRef = 849A8F851C58A419002EA2F1 /* LPYAndroid.m */; };
		849A8F891C58A42C002EA2F1 /* LPYBaseWatch.m in Sources */ = {isa = PBXBuildFile; fileRef = 849A8F881C58A42C002EA2F1 /* LPYBaseWatch.m */; };
		849A8F8C1C58A43E002EA2F1 /* LPYiWatch.m in Sources */ = {isa = PBXBuildFile; fileRef = 849A8F8B1C58A43E002EA2F1 /* LPYiWatch.m */; };
		849A8F8F1C58A449002EA2F1 /* LPYAndroidWatch.m in Sources */ = {isa = PBXBuildFile; fileRef = 849A8F8E1C58A449002EA2F1 /* LPYAndroidWatch.m */; };
		84AC0DC71C4CEBD600C49331 /* CALayer+LPYAnimation.m in Sources */ = {isa = PBXBuildFile; fileRef = 84AC0DC61C4CEBD600C49331 /* CALayer+LPYAnimation.m */; };
		84AC0DCE1C4CEC6A00C49331 /* LPYLockLabel.m in Sources */ = {isa = PBXBuildFile; fileRef = 84AC0DCD1C4CEC6A00C49331 /* LPYLockLabel.m */; };
		84AC0DD11C4CEC7900C49331 /* LPYCircleInfoView.m in Sources */ = {isa = PBXBuildFile; fileRef = 84AC0DD01C4CEC7900C49331 /* LPYCircleInfoView.m */; };
		84AC0DD41C4CF4F100C49331 /* LPYGestureVertifyViewController.m in Sources */ = {isa = PBXBuildFile; fileRef = 84AC0DD31C4CF4F100C49331 /* LPYGestureVertifyViewController.m */; };
		84AC0DD81C4E176B00C49331 /* SFHFKeychainUtils.m in Sources */ = {isa = PBXBuildFile; fileRef = 84AC0DD71C4E176B00C49331 /* SFHFKeychainUtils.m */; settings = {COMPILER_FLAGS = "-fno-objc-arc"; }; };
		84AC0DDA1C4E17B700C49331 /* Security.framework in Frameworks */ = {isa = PBXBuildFile; fileRef = 84AC0DD91C4E17B700C49331 /* Security.framework */; };
		84AC0DDD1C4E1A6100C49331 /* KeychainItemWrapper.m in Sources */ = {isa = PBXBuildFile; fileRef = 84AC0DDC1C4E1A6100C49331 /* KeychainItemWrapper.m */; settings = {COMPILER_FLAGS = "-fno-objc-arc"; }; };
		84C1E64D1C40EE4000378F31 /* UIBarButtonItem+Extension.m in Sources */ = {isa = PBXBuildFile; fileRef = 84C1E64C1C40EE4000378F31 /* UIBarButtonItem+Extension.m */; };
		84C1E6501C40EEB100378F31 /* UITextView+PlaceHolder.m in Sources */ = {isa = PBXBuildFile; fileRef = 84C1E64F1C40EEB100378F31 /* UITextView+PlaceHolder.m */; };
		84C1E6531C40EF0700378F31 /* UILabel+Extension.m in Sources */ = {isa = PBXBuildFile; fileRef = 84C1E6521C40EF0700378F31 /* UILabel+Extension.m */; };
		84C1E6561C40EF4300378F31 /* NSString+Extension.m in Sources */ = {isa = PBXBuildFile; fileRef = 84C1E6551C40EF4300378F31 /* NSString+Extension.m */; };
		84C1E6591C40EF6100378F31 /* NSDictionary+Extension.m in Sources */ = {isa = PBXBuildFile; fileRef = 84C1E6581C40EF6100378F31 /* NSDictionary+Extension.m */; };
		84C1E65B1C40EF9700378F31 /* Dealloc+MyDealloc.m in Sources */ = {isa = PBXBuildFile; fileRef = 84C1E65A1C40EF9700378F31 /* Dealloc+MyDealloc.m */; settings = {COMPILER_FLAGS = "-fno-objc-arc"; }; };
		84C1E65E1C40F03C00378F31 /* CAGradientLayer+Extension.m in Sources */ = {isa = PBXBuildFile; fileRef = 84C1E65D1C40F03C00378F31 /* CAGradientLayer+Extension.m */; };
		84C1E6611C40F3C700378F31 /* LPYPasswordInputView.m in Sources */ = {isa = PBXBuildFile; fileRef = 84C1E6601C40F3C700378F31 /* LPYPasswordInputView.m */; };
		84DD0D951C4C912A00E379E2 /* LPYNotificationCenterAndKVOViewController.m in Sources */ = {isa = PBXBuildFile; fileRef = 84DD0D941C4C912A00E379E2 /* LPYNotificationCenterAndKVOViewController.m */; };
		84DD0D981C4C92E200E379E2 /* LPYKVOModel.m in Sources */ = {isa = PBXBuildFile; fileRef = 84DD0D971C4C92E200E379E2 /* LPYKVOModel.m */; };
		84FDBAA21C3D0B7F0048FDA4 /* LPYQRCodeScanningViewController.m in Sources */ = {isa = PBXBuildFile; fileRef = 84FDBAA01C3D0B7F0048FDA4 /* LPYQRCodeScanningViewController.m */; };
		84FDBAA31C3D0B7F0048FDA4 /* LPYQRCodeScanningViewController.xib in Resources */ = {isa = PBXBuildFile; fileRef = 84FDBAA11C3D0B7F0048FDA4 /* LPYQRCodeScanningViewController.xib */; };
		C40E70EA1C3AC21B00F9567D /* LPYInfiniteScrollView.m in Sources */ = {isa = PBXBuildFile; fileRef = C40E70E91C3AC21B00F9567D /* LPYInfiniteScrollView.m */; };
		C40E70ED1C3AC2D900F9567D /* LPYInfiniteScrollViewController.m in Sources */ = {isa = PBXBuildFile; fileRef = C40E70EC1C3AC2D900F9567D /* LPYInfiniteScrollViewController.m */; };
		C44D1B491C2AD94100048CFF /* main.m in Sources */ = {isa = PBXBuildFile; fileRef = C44D1B481C2AD94100048CFF /* main.m */; };
		C44D1B4C1C2AD94100048CFF /* AppDelegate.m in Sources */ = {isa = PBXBuildFile; fileRef = C44D1B4B1C2AD94100048CFF /* AppDelegate.m */; };
		C44D1B521C2AD94100048CFF /* Main.storyboard in Resources */ = {isa = PBXBuildFile; fileRef = C44D1B501C2AD94100048CFF /* Main.storyboard */; };
		C44D1B541C2AD94200048CFF /* Assets.xcassets in Resources */ = {isa = PBXBuildFile; fileRef = C44D1B531C2AD94200048CFF /* Assets.xcassets */; };
		C44D1B621C2AD94200048CFF /* LPYFrameworkTests.m in Sources */ = {isa = PBXBuildFile; fileRef = C44D1B611C2AD94200048CFF /* LPYFrameworkTests.m */; };
		C44D1B6D1C2AD94200048CFF /* LPYFrameworkUITests.m in Sources */ = {isa = PBXBuildFile; fileRef = C44D1B6C1C2AD94200048CFF /* LPYFrameworkUITests.m */; };
/* End PBXBuildFile section */

/* Begin PBXContainerItemProxy section */
		C44D1B5E1C2AD94200048CFF /* PBXContainerItemProxy */ = {
			isa = PBXContainerItemProxy;
			containerPortal = C44D1B3C1C2AD94100048CFF /* Project object */;
			proxyType = 1;
			remoteGlobalIDString = C44D1B431C2AD94100048CFF;
			remoteInfo = LPYFramework;
		};
		C44D1B691C2AD94200048CFF /* PBXContainerItemProxy */ = {
			isa = PBXContainerItemProxy;
			containerPortal = C44D1B3C1C2AD94100048CFF /* Project object */;
			proxyType = 1;
			remoteGlobalIDString = C44D1B431C2AD94100048CFF;
			remoteInfo = LPYFramework;
		};
/* End PBXContainerItemProxy section */

/* Begin PBXFileReference section */
		841846391C4CBDA000F8AF89 /* LPYGesturesUnlockViewController.h */ = {isa = PBXFileReference; fileEncoding = 4; lastKnownFileType = sourcecode.c.h; path = LPYGesturesUnlockViewController.h; sourceTree = "<group>"; };
		8418463A1C4CBDA000F8AF89 /* LPYGesturesUnlockViewController.m */ = {isa = PBXFileReference; fileEncoding = 4; lastKnownFileType = sourcecode.c.objc; path = LPYGesturesUnlockViewController.m; sourceTree = "<group>"; };
		8418463D1C4CC07900F8AF89 /* LPYTouchIDViewController.h */ = {isa = PBXFileReference; fileEncoding = 4; lastKnownFileType = sourcecode.c.h; path = LPYTouchIDViewController.h; sourceTree = "<group>"; };
		8418463E1C4CC07900F8AF89 /* LPYTouchIDViewController.m */ = {isa = PBXFileReference; fileEncoding = 4; lastKnownFileType = sourcecode.c.objc; path = LPYTouchIDViewController.m; sourceTree = "<group>"; };
		841846401C4CC10D00F8AF89 /* LPYMainViewController.h */ = {isa = PBXFileReference; fileEncoding = 4; lastKnownFileType = sourcecode.c.h; path = LPYMainViewController.h; sourceTree = "<group>"; };
		841846411C4CC10D00F8AF89 /* LPYMainViewController.m */ = {isa = PBXFileReference; fileEncoding = 4; lastKnownFileType = sourcecode.c.objc; path = LPYMainViewController.m; sourceTree = "<group>"; };
		841846431C4CD15700F8AF89 /* LPYGestureViewController.h */ = {isa = PBXFileReference; fileEncoding = 4; lastKnownFileType = sourcecode.c.h; path = LPYGestureViewController.h; sourceTree = "<group>"; };
		841846441C4CD15700F8AF89 /* LPYGestureViewController.m */ = {isa = PBXFileReference; fileEncoding = 4; lastKnownFileType = sourcecode.c.objc; path = LPYGestureViewController.m; sourceTree = "<group>"; };
		841846471C4CD4B200F8AF89 /* LPYCircle.h */ = {isa = PBXFileReference; fileEncoding = 4; lastKnownFileType = sourcecode.c.h; path = LPYCircle.h; sourceTree = "<group>"; };
		841846481C4CD4B200F8AF89 /* LPYCircle.m */ = {isa = PBXFileReference; fileEncoding = 4; lastKnownFileType = sourcecode.c.objc; path = LPYCircle.m; sourceTree = "<group>"; };
		8418464A1C4CD4DA00F8AF89 /* LPYCircleView.h */ = {isa = PBXFileReference; fileEncoding = 4; lastKnownFileType = sourcecode.c.h; path = LPYCircleView.h; sourceTree = "<group>"; };
		8418464B1C4CD4DA00F8AF89 /* LPYCircleView.m */ = {isa = PBXFileReference; fileEncoding = 4; lastKnownFileType = sourcecode.c.objc; path = LPYCircleView.m; sourceTree = "<group>"; };
		8418464D1C4CD4EA00F8AF89 /* LPYCircleViewConst.h */ = {isa = PBXFileReference; fileEncoding = 4; lastKnownFileType = sourcecode.c.h; path = LPYCircleViewConst.h; sourceTree = "<group>"; };
		8418464E1C4CD4EA00F8AF89 /* LPYCircleViewConst.m */ = {isa = PBXFileReference; fileEncoding = 4; lastKnownFileType = sourcecode.c.objc; path = LPYCircleViewConst.m; sourceTree = "<group>"; };
		841FB63E1C3CB88B007B1762 /* LPYQRCodeViewController.h */ = {isa = PBXFileReference; fileEncoding = 4; lastKnownFileType = sourcecode.c.h; path = LPYQRCodeViewController.h; sourceTree = "<group>"; };
		841FB63F1C3CB88B007B1762 /* LPYQRCodeViewController.m */ = {isa = PBXFileReference; fileEncoding = 4; lastKnownFileType = sourcecode.c.objc; path = LPYQRCodeViewController.m; sourceTree = "<group>"; };
		841FB6401C3CB88B007B1762 /* LPYQRCodeViewController.xib */ = {isa = PBXFileReference; fileEncoding = 4; lastKnownFileType = file.xib; path = LPYQRCodeViewController.xib; sourceTree = "<group>"; };
		841FB6441C3CD10B007B1762 /* UIView+Extension.h */ = {isa = PBXFileReference; fileEncoding = 4; lastKnownFileType = sourcecode.c.h; path = "UIView+Extension.h"; sourceTree = "<group>"; };
		841FB6451C3CD10B007B1762 /* UIView+Extension.m */ = {isa = PBXFileReference; fileEncoding = 4; lastKnownFileType = sourcecode.c.objc; path = "UIView+Extension.m"; sourceTree = "<group>"; };
		841FB6471C3CD184007B1762 /* UIImage+Extension.h */ = {isa = PBXFileReference; fileEncoding = 4; lastKnownFileType = sourcecode.c.h; path = "UIImage+Extension.h"; sourceTree = "<group>"; };
		841FB6481C3CD184007B1762 /* UIImage+Extension.m */ = {isa = PBXFileReference; fileEncoding = 4; lastKnownFileType = sourcecode.c.objc; path = "UIImage+Extension.m"; sourceTree = "<group>"; };
		842F6CB51C3FC4940031AC16 /* LPYNumberButton.h */ = {isa = PBXFileReference; fileEncoding = 4; lastKnownFileType = sourcecode.c.h; path = LPYNumberButton.h; sourceTree = "<group>"; };
		842F6CB61C3FC4940031AC16 /* LPYNumberButton.m */ = {isa = PBXFileReference; fileEncoding = 4; lastKnownFileType = sourcecode.c.objc; path = LPYNumberButton.m; sourceTree = "<group>"; };
		842F6CB71C3FC4940031AC16 /* LPYNumberPad.h */ = {isa = PBXFileReference; fileEncoding = 4; lastKnownFileType = sourcecode.c.h; path = LPYNumberPad.h; sourceTree = "<group>"; };
		842F6CB81C3FC4940031AC16 /* LPYNumberPad.m */ = {isa = PBXFileReference; fileEncoding = 4; lastKnownFileType = sourcecode.c.objc; path = LPYNumberPad.m; sourceTree = "<group>"; };
		842F6CB91C3FC4940031AC16 /* LPYNumberPadDefaultStyle.h */ = {isa = PBXFileReference; fileEncoding = 4; lastKnownFileType = sourcecode.c.h; path = LPYNumberPadDefaultStyle.h; sourceTree = "<group>"; };
		842F6CBA1C3FC4940031AC16 /* LPYNumberPadDefaultStyle.m */ = {isa = PBXFileReference; fileEncoding = 4; lastKnownFileType = sourcecode.c.objc; path = LPYNumberPadDefaultStyle.m; sourceTree = "<group>"; };
		842F6CBB1C3FC4940031AC16 /* LPYPasswordKeyBoardViewController.h */ = {isa = PBXFileReference; fileEncoding = 4; lastKnownFileType = sourcecode.c.h; path = LPYPasswordKeyBoardViewController.h; sourceTree = "<group>"; };
		842F6CBC1C3FC4940031AC16 /* LPYPasswordKeyBoardViewController.m */ = {isa = PBXFileReference; fileEncoding = 4; lastKnownFileType = sourcecode.c.objc; path = LPYPasswordKeyBoardViewController.m; sourceTree = "<group>"; };
		842F6CBD1C3FC4940031AC16 /* UIImage+LPYNumberPad.h */ = {isa = PBXFileReference; fileEncoding = 4; lastKnownFileType = sourcecode.c.h; path = "UIImage+LPYNumberPad.h"; sourceTree = "<group>"; };
		842F6CBE1C3FC4940031AC16 /* UIImage+LPYNumberPad.m */ = {isa = PBXFileReference; fileEncoding = 4; lastKnownFileType = sourcecode.c.objc; path = "UIImage+LPYNumberPad.m"; sourceTree = "<group>"; };
		842F6CC01C3FC4940031AC16 /* LPYLightShowViewController.h */ = {isa = PBXFileReference; fileEncoding = 4; lastKnownFileType = sourcecode.c.h; path = LPYLightShowViewController.h; sourceTree = "<group>"; };
		842F6CC11C3FC4940031AC16 /* LPYLightShowViewController.m */ = {isa = PBXFileReference; fileEncoding = 4; lastKnownFileType = sourcecode.c.objc; path = LPYLightShowViewController.m; sourceTree = "<group>"; };
		842F6CC91C3FC49A0031AC16 /* LPYCommonHelp.h */ = {isa = PBXFileReference; fileEncoding = 4; lastKnownFileType = sourcecode.c.h; path = LPYCommonHelp.h; sourceTree = "<group>"; };
		842F6CCA1C3FC49A0031AC16 /* LPYCommonHelp.m */ = {isa = PBXFileReference; fileEncoding = 4; lastKnownFileType = sourcecode.c.objc; path = LPYCommonHelp.m; sourceTree = "<group>"; };
		842F6CCC1C3FC5AD0031AC16 /* LPYNumberPad.bundle */ = {isa = PBXFileReference; lastKnownFileType = "wrapper.plug-in"; path = LPYNumberPad.bundle; sourceTree = "<group>"; };
		842F6CCE1C3FC6A30031AC16 /* LPYNumberPadStyle.h */ = {isa = PBXFileReference; fileEncoding = 4; lastKnownFileType = sourcecode.c.h; path = LPYNumberPadStyle.h; sourceTree = "<group>"; };
		84441DFF1C3E80180059BEDA /* noticeMusic.wav */ = {isa = PBXFileReference; lastKnownFileType = audio.wav; path = noticeMusic.wav; sourceTree = "<group>"; };
		84885F7A1C4789D200EC90E4 /* LPYBussinessCardView.h */ = {isa = PBXFileReference; fileEncoding = 4; lastKnownFileType = sourcecode.c.h; path = LPYBussinessCardView.h; sourceTree = "<group>"; };
		84885F7B1C4789D200EC90E4 /* LPYBussinessCardView.m */ = {isa = PBXFileReference; fileEncoding = 4; lastKnownFileType = sourcecode.c.objc; path = LPYBussinessCardView.m; sourceTree = "<group>"; };
		84885F7D1C478CCA00EC90E4 /* LPYBussinessCardModel.h */ = {isa = PBXFileReference; fileEncoding = 4; lastKnownFileType = sourcecode.c.h; path = LPYBussinessCardModel.h; sourceTree = "<group>"; };
		84885F7E1C478CCA00EC90E4 /* LPYBussinessCardModel.m */ = {isa = PBXFileReference; fileEncoding = 4; lastKnownFileType = sourcecode.c.objc; path = LPYBussinessCardModel.m; sourceTree = "<group>"; };
		84885F801C478D0400EC90E4 /* LPYBussinessCardViewController.h */ = {isa = PBXFileReference; fileEncoding = 4; lastKnownFileType = sourcecode.c.h; path = LPYBussinessCardViewController.h; sourceTree = "<group>"; };
		84885F811C478D0400EC90E4 /* LPYBussinessCardViewController.m */ = {isa = PBXFileReference; fileEncoding = 4; lastKnownFileType = sourcecode.c.objc; path = LPYBussinessCardViewController.m; sourceTree = "<group>"; };
		84885F831C4790B700EC90E4 /* LPYBussinessCardAdapterProtocol.h */ = {isa = PBXFileReference; fileEncoding = 4; lastKnownFileType = sourcecode.c.h; path = LPYBussinessCardAdapterProtocol.h; sourceTree = "<group>"; };
		84885F841C47935300EC90E4 /* LPYBussinessNewCardModel.h */ = {isa = PBXFileReference; fileEncoding = 4; lastKnownFileType = sourcecode.c.h; path = LPYBussinessNewCardModel.h; sourceTree = "<group>"; };
		84885F851C47935300EC90E4 /* LPYBussinessNewCardModel.m */ = {isa = PBXFileReference; fileEncoding = 4; lastKnownFileType = sourcecode.c.objc; path = LPYBussinessNewCardModel.m; sourceTree = "<group>"; };
		84885F871C47970B00EC90E4 /* LPYBussinessBaseCardAdapter.h */ = {isa = PBXFileReference; fileEncoding = 4; lastKnownFileType = sourcecode.c.h; path = LPYBussinessBaseCardAdapter.h; sourceTree = "<group>"; };
		84885F881C47970B00EC90E4 /* LPYBussinessBaseCardAdapter.m */ = {isa = PBXFileReference; fileEncoding = 4; lastKnownFileType = sourcecode.c.objc; path = LPYBussinessBaseCardAdapter.m; sourceTree = "<group>"; };
		84885F8A1C4799C300EC90E4 /* LPYBussinessCardModelAdapter.h */ = {isa = PBXFileReference; fileEncoding = 4; lastKnownFileType = sourcecode.c.h; path = LPYBussinessCardModelAdapter.h; sourceTree = "<group>"; };
		84885F8B1C4799C300EC90E4 /* LPYBussinessCardModelAdapter.m */ = {isa = PBXFileReference; fileEncoding = 4; lastKnownFileType = sourcecode.c.objc; path = LPYBussinessCardModelAdapter.m; sourceTree = "<group>"; };
		84885F8D1C4799E900EC90E4 /* LPYBussinessNewCardModelAdapter.h */ = {isa = PBXFileReference; fileEncoding = 4; lastKnownFileType = sourcecode.c.h; path = LPYBussinessNewCardModelAdapter.h; sourceTree = "<group>"; };
		84885F8E1C4799E900EC90E4 /* LPYBussinessNewCardModelAdapter.m */ = {isa = PBXFileReference; fileEncoding = 4; lastKnownFileType = sourcecode.c.objc; path = LPYBussinessNewCardModelAdapter.m; sourceTree = "<group>"; };
		84885F901C47A45000EC90E4 /* LPYBussinessCardAdapter.h */ = {isa = PBXFileReference; fileEncoding = 4; lastKnownFileType = sourcecode.c.h; path = LPYBussinessCardAdapter.h; sourceTree = "<group>"; };
		84885F911C47A45000EC90E4 /* LPYBussinessCardAdapter.m */ = {isa = PBXFileReference; fileEncoding = 4; lastKnownFileType = sourcecode.c.objc; path = LPYBussinessCardAdapter.m; sourceTree = "<group>"; };
		848B2DC81C489D10009168D3 /* LPYStrategyViewController.h */ = {isa = PBXFileReference; fileEncoding = 4; lastKnownFileType = sourcecode.c.h; path = LPYStrategyViewController.h; sourceTree = "<group>"; };
		848B2DC91C489D10009168D3 /* LPYStrategyViewController.m */ = {isa = PBXFileReference; fileEncoding = 4; lastKnownFileType = sourcecode.c.objc; path = LPYStrategyViewController.m; sourceTree = "<group>"; };
		848B2DCB1C489D91009168D3 /* LPYCustomField.h */ = {isa = PBXFileReference; fileEncoding = 4; lastKnownFileType = sourcecode.c.h; path = LPYCustomField.h; sourceTree = "<group>"; };
		848B2DCC1C489D91009168D3 /* LPYCustomField.m */ = {isa = PBXFileReference; fileEncoding = 4; lastKnownFileType = sourcecode.c.objc; path = LPYCustomField.m; sourceTree = "<group>"; };
		848B2DCE1C48A221009168D3 /* UIButton+inits.h */ = {isa = PBXFileReference; fileEncoding = 4; lastKnownFileType = sourcecode.c.h; path = "UIButton+inits.h"; sourceTree = "<group>"; };
		848B2DCF1C48A221009168D3 /* UIButton+inits.m */ = {isa = PBXFileReference; fileEncoding = 4; lastKnownFileType = sourcecode.c.objc; path = "UIButton+inits.m"; sourceTree = "<group>"; };
		848B2DD11C48A41F009168D3 /* RegExCategories.h */ = {isa = PBXFileReference; fileEncoding = 4; lastKnownFileType = sourcecode.c.h; path = RegExCategories.h; sourceTree = "<group>"; };
		848B2DD21C48A41F009168D3 /* RegExCategories.m */ = {isa = PBXFileReference; fileEncoding = 4; lastKnownFileType = sourcecode.c.objc; path = RegExCategories.m; sourceTree = "<group>"; };
		848B2DD51C48A6E9009168D3 /* LPYBaseInputValidator.h */ = {isa = PBXFileReference; fileEncoding = 4; lastKnownFileType = sourcecode.c.h; path = LPYBaseInputValidator.h; sourceTree = "<group>"; };
		848B2DD61C48A6E9009168D3 /* LPYBaseInputValidator.m */ = {isa = PBXFileReference; fileEncoding = 4; lastKnownFileType = sourcecode.c.objc; path = LPYBaseInputValidator.m; sourceTree = "<group>"; };
		848B2DD81C48A78F009168D3 /* LPYEmailValidator.h */ = {isa = PBXFileReference; fileEncoding = 4; lastKnownFileType = sourcecode.c.h; path = LPYEmailValidator.h; sourceTree = "<group>"; };
		848B2DD91C48A78F009168D3 /* LPYEmailValidator.m */ = {isa = PBXFileReference; fileEncoding = 4; lastKnownFileType = sourcecode.c.objc; path = LPYEmailValidator.m; sourceTree = "<group>"; };
		848B2DDB1C48A7A5009168D3 /* LPYPhoneNumberValidator.h */ = {isa = PBXFileReference; fileEncoding = 4; lastKnownFileType = sourcecode.c.h; path = LPYPhoneNumberValidator.h; sourceTree = "<group>"; };
		848B2DDC1C48A7A5009168D3 /* LPYPhoneNumberValidator.m */ = {isa = PBXFileReference; fileEncoding = 4; lastKnownFileType = sourcecode.c.objc; path = LPYPhoneNumberValidator.m; sourceTree = "<group>"; };
		848B2DE01C4C84A5009168D3 /* LPYOberverPatternViewController.h */ = {isa = PBXFileReference; fileEncoding = 4; lastKnownFileType = sourcecode.c.h; path = LPYOberverPatternViewController.h; sourceTree = "<group>"; };
		848B2DE11C4C84A5009168D3 /* LPYOberverPatternViewController.m */ = {isa = PBXFileReference; fileEncoding = 4; lastKnownFileType = sourcecode.c.objc; path = LPYOberverPatternViewController.m; sourceTree = "<group>"; };
		848B2DE31C4C853D009168D3 /* LPYSubscriptionServiceCenter.h */ = {isa = PBXFileReference; fileEncoding = 4; lastKnownFileType = sourcecode.c.h; path = LPYSubscriptionServiceCenter.h; sourceTree = "<group>"; };
		848B2DE41C4C853D009168D3 /* LPYSubscriptionServiceCenter.m */ = {isa = PBXFileReference; fileEncoding = 4; lastKnownFileType = sourcecode.c.objc; path = LPYSubscriptionServiceCenter.m; sourceTree = "<group>"; };
		849A8F241C585602002EA2F1 /* LPYDecoratorPatternViewController.h */ = {isa = PBXFileReference; fileEncoding = 4; lastKnownFileType = sourcecode.c.h; path = LPYDecoratorPatternViewController.h; sourceTree = "<group>"; };
		849A8F251C585602002EA2F1 /* LPYDecoratorPatternViewController.m */ = {isa = PBXFileReference; fileEncoding = 4; lastKnownFileType = sourcecode.c.objc; path = LPYDecoratorPatternViewController.m; sourceTree = "<group>"; };
		849A8F271C58565F002EA2F1 /* LPYGamePad.h */ = {isa = PBXFileReference; fileEncoding = 4; lastKnownFileType = sourcecode.c.h; path = LPYGamePad.h; sourceTree = "<group>"; };
		849A8F281C58565F002EA2F1 /* LPYGamePad.m */ = {isa = PBXFileReference; fileEncoding = 4; lastKnownFileType = sourcecode.c.objc; path = LPYGamePad.m; sourceTree = "<group>"; };
		849A8F2A1C585874002EA2F1 /* LPYGamePadDecorator.h */ = {isa = PBXFileReference; fileEncoding = 4; lastKnownFileType = sourcecode.c.h; path = LPYGamePadDecorator.h; sourceTree = "<group>"; };
		849A8F2B1C585874002EA2F1 /* LPYGamePadDecorator.m */ = {isa = PBXFileReference; fileEncoding = 4; lastKnownFileType = sourcecode.c.objc; path = LPYGamePadDecorator.m; sourceTree = "<group>"; };
		849A8F2D1C5859F9002EA2F1 /* LPYCheatGamePadDecorator.h */ = {isa = PBXFileReference; fileEncoding = 4; lastKnownFileType = sourcecode.c.h; path = LPYCheatGamePadDecorator.h; sourceTree = "<group>"; };
		849A8F2E1C5859F9002EA2F1 /* LPYCheatGamePadDecorator.m */ = {isa = PBXFileReference; fileEncoding = 4; lastKnownFileType = sourcecode.c.objc; path = LPYCheatGamePadDecorator.m; sourceTree = "<group>"; };
		849A8F301C585A7E002EA2F1 /* LPYCoinGamePadDecorator.h */ = {isa = PBXFileReference; fileEncoding = 4; lastKnownFileType = sourcecode.c.h; path = LPYCoinGamePadDecorator.h; sourceTree = "<group>"; };
		849A8F311C585A7E002EA2F1 /* LPYCoinGamePadDecorator.m */ = {isa = PBXFileReference; fileEncoding = 4; lastKnownFileType = sourcecode.c.objc; path = LPYCoinGamePadDecorator.m; sourceTree = "<group>"; };
		849A8F331C585D87002EA2F1 /* LPYGamePad+LPYCheat.h */ = {isa = PBXFileReference; fileEncoding = 4; lastKnownFileType = sourcecode.c.h; path = "LPYGamePad+LPYCheat.h"; sourceTree = "<group>"; };
		849A8F341C585D87002EA2F1 /* LPYGamePad+LPYCheat.m */ = {isa = PBXFileReference; fileEncoding = 4; lastKnownFileType = sourcecode.c.objc; path = "LPYGamePad+LPYCheat.m"; sourceTree = "<group>"; };
		849A8F361C585DB2002EA2F1 /* LPYGamePad+LPYCoin.h */ = {isa = PBXFileReference; fileEncoding = 4; lastKnownFileType = sourcecode.c.h; path = "LPYGamePad+LPYCoin.h"; sourceTree = "<group>"; };
		849A8F371C585DB2002EA2F1 /* LPYGamePad+LPYCoin.m */ = {isa = PBXFileReference; fileEncoding = 4; lastKnownFileType = sourcecode.c.objc; path = "LPYGamePad+LPYCoin.m"; sourceTree = "<group>"; };
		849A8F3B1C589859002EA2F1 /* LPYCircle1.h */ = {isa = PBXFileReference; fileEncoding = 4; lastKnownFileType = sourcecode.c.h; path = LPYCircle1.h; sourceTree = "<group>"; };
		849A8F3C1C589859002EA2F1 /* LPYCircle1.m */ = {isa = PBXFileReference; fileEncoding = 4; lastKnownFileType = sourcecode.c.objc; path = LPYCircle1.m; sourceTree = "<group>"; };
		849A8F3D1C589859002EA2F1 /* LPYRectangle.h */ = {isa = PBXFileReference; fileEncoding = 4; lastKnownFileType = sourcecode.c.h; path = LPYRectangle.h; sourceTree = "<group>"; };
		849A8F3E1C589859002EA2F1 /* LPYRectangle.m */ = {isa = PBXFileReference; fileEncoding = 4; lastKnownFileType = sourcecode.c.objc; path = LPYRectangle.m; sourceTree = "<group>"; };
		849A8F3F1C589859002EA2F1 /* LPYShape.h */ = {isa = PBXFileReference; fileEncoding = 4; lastKnownFileType = sourcecode.c.h; path = LPYShape.h; sourceTree = "<group>"; };
		849A8F401C589859002EA2F1 /* LPYShape.m */ = {isa = PBXFileReference; fileEncoding = 4; lastKnownFileType = sourcecode.c.objc; path = LPYShape.m; sourceTree = "<group>"; };
		849A8F411C589859002EA2F1 /* LPYShapeMaker.h */ = {isa = PBXFileReference; fileEncoding = 4; lastKnownFileType = sourcecode.c.h; path = LPYShapeMaker.h; sourceTree = "<group>"; };
		849A8F421C589859002EA2F1 /* LPYShapeMaker.m */ = {isa = PBXFileReference; fileEncoding = 4; lastKnownFileType = sourcecode.c.objc; path = LPYShapeMaker.m; sourceTree = "<group>"; };
		849A8F431C589859002EA2F1 /* LPYBaseCopyObject.h */ = {isa = PBXFileReference; fileEncoding = 4; lastKnownFileType = sourcecode.c.h; path = LPYBaseCopyObject.h; sourceTree = "<group>"; };
		849A8F441C589859002EA2F1 /* LPYBaseCopyObject.m */ = {isa = PBXFileReference; fileEncoding = 4; lastKnownFileType = sourcecode.c.objc; path = LPYBaseCopyObject.m; sourceTree = "<group>"; };
		849A8F451C589859002EA2F1 /* LPYDepartmentModel.h */ = {isa = PBXFileReference; fileEncoding = 4; lastKnownFileType = sourcecode.c.h; path = LPYDepartmentModel.h; sourceTree = "<group>"; };
		849A8F461C589859002EA2F1 /* LPYDepartmentModel.m */ = {isa = PBXFileReference; fileEncoding = 4; lastKnownFileType = sourcecode.c.objc; path = LPYDepartmentModel.m; sourceTree = "<group>"; };
		849A8F471C589859002EA2F1 /* LPYPrototypeCopyProtocol.h */ = {isa = PBXFileReference; fileEncoding = 4; lastKnownFileType = sourcecode.c.h; path = LPYPrototypeCopyProtocol.h; sourceTree = "<group>"; };
		849A8F481C589859002EA2F1 /* LPYPrototypePatternViewController.h */ = {isa = PBXFileReference; fileEncoding = 4; lastKnownFileType = sourcecode.c.h; path = LPYPrototypePatternViewController.h; sourceTree = "<group>"; };
		849A8F491C589859002EA2F1 /* LPYPrototypePatternViewController.m */ = {isa = PBXFileReference; fileEncoding = 4; lastKnownFileType = sourcecode.c.objc; path = LPYPrototypePatternViewController.m; sourceTree = "<group>"; };
		849A8F4A1C589859002EA2F1 /* LPYStudentModel.h */ = {isa = PBXFileReference; fileEncoding = 4; lastKnownFileType = sourcecode.c.h; path = LPYStudentModel.h; sourceTree = "<group>"; };
		849A8F4B1C589859002EA2F1 /* LPYStudentModel.m */ = {isa = PBXFileReference; fileEncoding = 4; lastKnownFileType = sourcecode.c.objc; path = LPYStudentModel.m; sourceTree = "<group>"; };
		849A8F4C1C589859002EA2F1 /* LPYTeacherModel.h */ = {isa = PBXFileReference; fileEncoding = 4; lastKnownFileType = sourcecode.c.h; path = LPYTeacherModel.h; sourceTree = "<group>"; };
		849A8F4D1C589859002EA2F1 /* LPYTeacherModel.m */ = {isa = PBXFileReference; fileEncoding = 4; lastKnownFileType = sourcecode.c.objc; path = LPYTeacherModel.m; sourceTree = "<group>"; };
		849A8F5B1C589D47002EA2F1 /* LPYFactoryPatternViewController.h */ = {isa = PBXFileReference; fileEncoding = 4; lastKnownFileType = sourcecode.c.h; path = LPYFactoryPatternViewController.h; sourceTree = "<group>"; };
		849A8F5C1C589D47002EA2F1 /* LPYFactoryPatternViewController.m */ = {isa = PBXFileReference; fileEncoding = 4; lastKnownFileType = sourcecode.c.objc; path = LPYFactoryPatternViewController.m; sourceTree = "<group>"; };
		849A8F5E1C589DE7002EA2F1 /* LPYDeviceFactory.h */ = {isa = PBXFileReference; fileEncoding = 4; lastKnownFileType = sourcecode.c.h; path = LPYDeviceFactory.h; sourceTree = "<group>"; };
		849A8F5F1C589DE7002EA2F1 /* LPYDeviceFactory.m */ = {isa = PBXFileReference; fileEncoding = 4; lastKnownFileType = sourcecode.c.objc; path = LPYDeviceFactory.m; sourceTree = "<group>"; };
		849A8F621C589E10002EA2F1 /* LPYBaseDevice.h */ = {isa = PBXFileReference; fileEncoding = 4; lastKnownFileType = sourcecode.c.h; path = LPYBaseDevice.h; sourceTree = "<group>"; };
		849A8F631C589E10002EA2F1 /* LPYBaseDevice.m */ = {isa = PBXFileReference; fileEncoding = 4; lastKnownFileType = sourcecode.c.objc; path = LPYBaseDevice.m; sourceTree = "<group>"; };
		849A8F651C589E2E002EA2F1 /* LPYPhoneProtocol.h */ = {isa = PBXFileReference; fileEncoding = 4; lastKnownFileType = sourcecode.c.h; path = LPYPhoneProtocol.h; sourceTree = "<group>"; };
		849A8F661C589E47002EA2F1 /* LPYiPhoneDevice.h */ = {isa = PBXFileReference; fileEncoding = 4; lastKnownFileType = sourcecode.c.h; path = LPYiPhoneDevice.h; sourceTree = "<group>"; };
		849A8F671C589E47002EA2F1 /* LPYiPhoneDevice.m */ = {isa = PBXFileReference; fileEncoding = 4; lastKnownFileType = sourcecode.c.objc; path = LPYiPhoneDevice.m; sourceTree = "<group>"; };
		849A8F691C589E55002EA2F1 /* LPYAndroidDevice.h */ = {isa = PBXFileReference; fileEncoding = 4; lastKnownFileType = sourcecode.c.h; path = LPYAndroidDevice.h; sourceTree = "<group>"; };
		849A8F6A1C589E55002EA2F1 /* LPYAndroidDevice.m */ = {isa = PBXFileReference; fileEncoding = 4; lastKnownFileType = sourcecode.c.objc; path = LPYAndroidDevice.m; sourceTree = "<group>"; };
		849A8F6C1C589E64002EA2F1 /* LPYNokiaDevice.h */ = {isa = PBXFileReference; fileEncoding = 4; lastKnownFileType = sourcecode.c.h; path = LPYNokiaDevice.h; sourceTree = "<group>"; };
		849A8F6D1C589E64002EA2F1 /* LPYNokiaDevice.m */ = {isa = PBXFileReference; fileEncoding = 4; lastKnownFileType = sourcecode.c.objc; path = LPYNokiaDevice.m; sourceTree = "<group>"; };
		849A8F721C58A349002EA2F1 /* LPYFactoryManager.h */ = {isa = PBXFileReference; fileEncoding = 4; lastKnownFileType = sourcecode.c.h; path = LPYFactoryManager.h; sourceTree = "<group>"; };
		849A8F731C58A349002EA2F1 /* LPYFactoryManager.m */ = {isa = PBXFileReference; fileEncoding = 4; lastKnownFileType = sourcecode.c.objc; path = LPYFactoryManager.m; sourceTree = "<group>"; };
		849A8F751C58A390002EA2F1 /* LPYBaseFactory.h */ = {isa = PBXFileReference; fileEncoding = 4; lastKnownFileType = sourcecode.c.h; path = LPYBaseFactory.h; sourceTree = "<group>"; };
		849A8F761C58A390002EA2F1 /* LPYBaseFactory.m */ = {isa = PBXFileReference; fileEncoding = 4; lastKnownFileType = sourcecode.c.objc; path = LPYBaseFactory.m; sourceTree = "<group>"; };
		849A8F781C58A3B1002EA2F1 /* LPYAppleFactory.h */ = {isa = PBXFileReference; fileEncoding = 4; lastKnownFileType = sourcecode.c.h; path = LPYAppleFactory.h; sourceTree = "<group>"; };
		849A8F791C58A3B2002EA2F1 /* LPYAppleFactory.m */ = {isa = PBXFileReference; fileEncoding = 4; lastKnownFileType = sourcecode.c.objc; path = LPYAppleFactory.m; sourceTree = "<group>"; };
		849A8F7B1C58A3C3002EA2F1 /* LPYGoogleFactory.h */ = {isa = PBXFileReference; fileEncoding = 4; lastKnownFileType = sourcecode.c.h; path = LPYGoogleFactory.h; sourceTree = "<group>"; };
		849A8F7C1C58A3C3002EA2F1 /* LPYGoogleFactory.m */ = {isa = PBXFileReference; fileEncoding = 4; lastKnownFileType = sourcecode.c.objc; path = LPYGoogleFactory.m; sourceTree = "<group>"; };
		849A8F7E1C58A3EB002EA2F1 /* LPYBasePhone.h */ = {isa = PBXFileReference; fileEncoding = 4; lastKnownFileType = sourcecode.c.h; path = LPYBasePhone.h; sourceTree = "<group>"; };
		849A8F7F1C58A3EB002EA2F1 /* LPYBasePhone.m */ = {isa = PBXFileReference; fileEncoding = 4; lastKnownFileType = sourcecode.c.objc; path = LPYBasePhone.m; sourceTree = "<group>"; };
		849A8F811C58A400002EA2F1 /* LPYiPhone.h */ = {isa = PBXFileReference; fileEncoding = 4; lastKnownFileType = sourcecode.c.h; path = LPYiPhone.h; sourceTree = "<group>"; };
		849A8F821C58A400002EA2F1 /* LPYiPhone.m */ = {isa = PBXFileReference; fileEncoding = 4; lastKnownFileType = sourcecode.c.objc; path = LPYiPhone.m; sourceTree = "<group>"; };
		849A8F841C58A419002EA2F1 /* LPYAndroid.h */ = {isa = PBXFileReference; fileEncoding = 4; lastKnownFileType = sourcecode.c.h; path = LPYAndroid.h; sourceTree = "<group>"; };
		849A8F851C58A419002EA2F1 /* LPYAndroid.m */ = {isa = PBXFileReference; fileEncoding = 4; lastKnownFileType = sourcecode.c.objc; path = LPYAndroid.m; sourceTree = "<group>"; };
		849A8F871C58A42C002EA2F1 /* LPYBaseWatch.h */ = {isa = PBXFileReference; fileEncoding = 4; lastKnownFileType = sourcecode.c.h; path = LPYBaseWatch.h; sourceTree = "<group>"; };
		849A8F881C58A42C002EA2F1 /* LPYBaseWatch.m */ = {isa = PBXFileReference; fileEncoding = 4; lastKnownFileType = sourcecode.c.objc; path = LPYBaseWatch.m; sourceTree = "<group>"; };
		849A8F8A1C58A43E002EA2F1 /* LPYiWatch.h */ = {isa = PBXFileReference; fileEncoding = 4; lastKnownFileType = sourcecode.c.h; path = LPYiWatch.h; sourceTree = "<group>"; };
		849A8F8B1C58A43E002EA2F1 /* LPYiWatch.m */ = {isa = PBXFileReference; fileEncoding = 4; lastKnownFileType = sourcecode.c.objc; path = LPYiWatch.m; sourceTree = "<group>"; };
		849A8F8D1C58A449002EA2F1 /* LPYAndroidWatch.h */ = {isa = PBXFileReference; fileEncoding = 4; lastKnownFileType = sourcecode.c.h; path = LPYAndroidWatch.h; sourceTree = "<group>"; };
		849A8F8E1C58A449002EA2F1 /* LPYAndroidWatch.m */ = {isa = PBXFileReference; fileEncoding = 4; lastKnownFileType = sourcecode.c.objc; path = LPYAndroidWatch.m; sourceTree = "<group>"; };
		84AC0DC51C4CEBD600C49331 /* CALayer+LPYAnimation.h */ = {isa = PBXFileReference; fileEncoding = 4; lastKnownFileType = sourcecode.c.h; path = "CALayer+LPYAnimation.h"; sourceTree = "<group>"; };
		84AC0DC61C4CEBD600C49331 /* CALayer+LPYAnimation.m */ = {isa = PBXFileReference; fileEncoding = 4; lastKnownFileType = sourcecode.c.objc; path = "CALayer+LPYAnimation.m"; sourceTree = "<group>"; };
		84AC0DCC1C4CEC6A00C49331 /* LPYLockLabel.h */ = {isa = PBXFileReference; fileEncoding = 4; lastKnownFileType = sourcecode.c.h; path = LPYLockLabel.h; sourceTree = "<group>"; };
		84AC0DCD1C4CEC6A00C49331 /* LPYLockLabel.m */ = {isa = PBXFileReference; fileEncoding = 4; lastKnownFileType = sourcecode.c.objc; path = LPYLockLabel.m; sourceTree = "<group>"; };
		84AC0DCF1C4CEC7900C49331 /* LPYCircleInfoView.h */ = {isa = PBXFileReference; fileEncoding = 4; lastKnownFileType = sourcecode.c.h; path = LPYCircleInfoView.h; sourceTree = "<group>"; };
		84AC0DD01C4CEC7900C49331 /* LPYCircleInfoView.m */ = {isa = PBXFileReference; fileEncoding = 4; lastKnownFileType = sourcecode.c.objc; path = LPYCircleInfoView.m; sourceTree = "<group>"; };
		84AC0DD21C4CF4F100C49331 /* LPYGestureVertifyViewController.h */ = {isa = PBXFileReference; fileEncoding = 4; lastKnownFileType = sourcecode.c.h; path = LPYGestureVertifyViewController.h; sourceTree = "<group>"; };
		84AC0DD31C4CF4F100C49331 /* LPYGestureVertifyViewController.m */ = {isa = PBXFileReference; fileEncoding = 4; lastKnownFileType = sourcecode.c.objc; path = LPYGestureVertifyViewController.m; sourceTree = "<group>"; };
		84AC0DD61C4E176B00C49331 /* SFHFKeychainUtils.h */ = {isa = PBXFileReference; fileEncoding = 4; lastKnownFileType = sourcecode.c.h; path = SFHFKeychainUtils.h; sourceTree = "<group>"; };
		84AC0DD71C4E176B00C49331 /* SFHFKeychainUtils.m */ = {isa = PBXFileReference; fileEncoding = 4; lastKnownFileType = sourcecode.c.objc; path = SFHFKeychainUtils.m; sourceTree = "<group>"; };
		84AC0DD91C4E17B700C49331 /* Security.framework */ = {isa = PBXFileReference; lastKnownFileType = wrapper.framework; name = Security.framework; path = System/Library/Frameworks/Security.framework; sourceTree = SDKROOT; };
		84AC0DDB1C4E1A6100C49331 /* KeychainItemWrapper.h */ = {isa = PBXFileReference; fileEncoding = 4; lastKnownFileType = sourcecode.c.h; path = KeychainItemWrapper.h; sourceTree = "<group>"; };
		84AC0DDC1C4E1A6100C49331 /* KeychainItemWrapper.m */ = {isa = PBXFileReference; fileEncoding = 4; lastKnownFileType = sourcecode.c.objc; path = KeychainItemWrapper.m; sourceTree = "<group>"; };
		84C1E64B1C40EE4000378F31 /* UIBarButtonItem+Extension.h */ = {isa = PBXFileReference; fileEncoding = 4; lastKnownFileType = sourcecode.c.h; path = "UIBarButtonItem+Extension.h"; sourceTree = "<group>"; };
		84C1E64C1C40EE4000378F31 /* UIBarButtonItem+Extension.m */ = {isa = PBXFileReference; fileEncoding = 4; lastKnownFileType = sourcecode.c.objc; path = "UIBarButtonItem+Extension.m"; sourceTree = "<group>"; };
		84C1E64E1C40EEB100378F31 /* UITextView+PlaceHolder.h */ = {isa = PBXFileReference; fileEncoding = 4; lastKnownFileType = sourcecode.c.h; path = "UITextView+PlaceHolder.h"; sourceTree = "<group>"; };
		84C1E64F1C40EEB100378F31 /* UITextView+PlaceHolder.m */ = {isa = PBXFileReference; fileEncoding = 4; lastKnownFileType = sourcecode.c.objc; path = "UITextView+PlaceHolder.m"; sourceTree = "<group>"; };
		84C1E6511C40EF0700378F31 /* UILabel+Extension.h */ = {isa = PBXFileReference; fileEncoding = 4; lastKnownFileType = sourcecode.c.h; path = "UILabel+Extension.h"; sourceTree = "<group>"; };
		84C1E6521C40EF0700378F31 /* UILabel+Extension.m */ = {isa = PBXFileReference; fileEncoding = 4; lastKnownFileType = sourcecode.c.objc; path = "UILabel+Extension.m"; sourceTree = "<group>"; };
		84C1E6541C40EF4300378F31 /* NSString+Extension.h */ = {isa = PBXFileReference; fileEncoding = 4; lastKnownFileType = sourcecode.c.h; path = "NSString+Extension.h"; sourceTree = "<group>"; };
		84C1E6551C40EF4300378F31 /* NSString+Extension.m */ = {isa = PBXFileReference; fileEncoding = 4; lastKnownFileType = sourcecode.c.objc; path = "NSString+Extension.m"; sourceTree = "<group>"; };
		84C1E6571C40EF6100378F31 /* NSDictionary+Extension.h */ = {isa = PBXFileReference; fileEncoding = 4; lastKnownFileType = sourcecode.c.h; path = "NSDictionary+Extension.h"; sourceTree = "<group>"; };
		84C1E6581C40EF6100378F31 /* NSDictionary+Extension.m */ = {isa = PBXFileReference; fileEncoding = 4; lastKnownFileType = sourcecode.c.objc; path = "NSDictionary+Extension.m"; sourceTree = "<group>"; };
		84C1E65A1C40EF9700378F31 /* Dealloc+MyDealloc.m */ = {isa = PBXFileReference; fileEncoding = 4; lastKnownFileType = sourcecode.c.objc; path = "Dealloc+MyDealloc.m"; sourceTree = "<group>"; };
		84C1E65C1C40F03C00378F31 /* CAGradientLayer+Extension.h */ = {isa = PBXFileReference; fileEncoding = 4; lastKnownFileType = sourcecode.c.h; path = "CAGradientLayer+Extension.h"; sourceTree = "<group>"; };
		84C1E65D1C40F03C00378F31 /* CAGradientLayer+Extension.m */ = {isa = PBXFileReference; fileEncoding = 4; lastKnownFileType = sourcecode.c.objc; path = "CAGradientLayer+Extension.m"; sourceTree = "<group>"; };
		84C1E65F1C40F3C700378F31 /* LPYPasswordInputView.h */ = {isa = PBXFileReference; fileEncoding = 4; lastKnownFileType = sourcecode.c.h; path = LPYPasswordInputView.h; sourceTree = "<group>"; };
		84C1E6601C40F3C700378F31 /* LPYPasswordInputView.m */ = {isa = PBXFileReference; fileEncoding = 4; lastKnownFileType = sourcecode.c.objc; path = LPYPasswordInputView.m; sourceTree = "<group>"; };
		84D3F9621C4C8AF40079DEA3 /* LPYSubscriptionServiceCenterProtocol.h */ = {isa = PBXFileReference; fileEncoding = 4; lastKnownFileType = sourcecode.c.h; path = LPYSubscriptionServiceCenterProtocol.h; sourceTree = "<group>"; };
		84DD0D931C4C912A00E379E2 /* LPYNotificationCenterAndKVOViewController.h */ = {isa = PBXFileReference; fileEncoding = 4; lastKnownFileType = sourcecode.c.h; path = LPYNotificationCenterAndKVOViewController.h; sourceTree = "<group>"; };
		84DD0D941C4C912A00E379E2 /* LPYNotificationCenterAndKVOViewController.m */ = {isa = PBXFileReference; fileEncoding = 4; lastKnownFileType = sourcecode.c.objc; path = LPYNotificationCenterAndKVOViewController.m; sourceTree = "<group>"; };
		84DD0D961C4C92E200E379E2 /* LPYKVOModel.h */ = {isa = PBXFileReference; fileEncoding = 4; lastKnownFileType = sourcecode.c.h; path = LPYKVOModel.h; sourceTree = "<group>"; };
		84DD0D971C4C92E200E379E2 /* LPYKVOModel.m */ = {isa = PBXFileReference; fileEncoding = 4; lastKnownFileType = sourcecode.c.objc; path = LPYKVOModel.m; sourceTree = "<group>"; };
		84FDBA9F1C3D0B7F0048FDA4 /* LPYQRCodeScanningViewController.h */ = {isa = PBXFileReference; fileEncoding = 4; lastKnownFileType = sourcecode.c.h; path = LPYQRCodeScanningViewController.h; sourceTree = "<group>"; };
		84FDBAA01C3D0B7F0048FDA4 /* LPYQRCodeScanningViewController.m */ = {isa = PBXFileReference; fileEncoding = 4; lastKnownFileType = sourcecode.c.objc; path = LPYQRCodeScanningViewController.m; sourceTree = "<group>"; };
		84FDBAA11C3D0B7F0048FDA4 /* LPYQRCodeScanningViewController.xib */ = {isa = PBXFileReference; fileEncoding = 4; lastKnownFileType = file.xib; path = LPYQRCodeScanningViewController.xib; sourceTree = "<group>"; };
		C40E70E81C3AC21B00F9567D /* LPYInfiniteScrollView.h */ = {isa = PBXFileReference; fileEncoding = 4; lastKnownFileType = sourcecode.c.h; path = LPYInfiniteScrollView.h; sourceTree = "<group>"; };
		C40E70E91C3AC21B00F9567D /* LPYInfiniteScrollView.m */ = {isa = PBXFileReference; fileEncoding = 4; lastKnownFileType = sourcecode.c.objc; path = LPYInfiniteScrollView.m; sourceTree = "<group>"; };
		C40E70EB1C3AC2D900F9567D /* LPYInfiniteScrollViewController.h */ = {isa = PBXFileReference; fileEncoding = 4; lastKnownFileType = sourcecode.c.h; path = LPYInfiniteScrollViewController.h; sourceTree = "<group>"; };
		C40E70EC1C3AC2D900F9567D /* LPYInfiniteScrollViewController.m */ = {isa = PBXFileReference; fileEncoding = 4; lastKnownFileType = sourcecode.c.objc; path = LPYInfiniteScrollViewController.m; sourceTree = "<group>"; };
		C44D1B441C2AD94100048CFF /* LPYFramework.app */ = {isa = PBXFileReference; explicitFileType = wrapper.application; includeInIndex = 0; path = LPYFramework.app; sourceTree = BUILT_PRODUCTS_DIR; };
		C44D1B481C2AD94100048CFF /* main.m */ = {isa = PBXFileReference; lastKnownFileType = sourcecode.c.objc; path = main.m; sourceTree = "<group>"; };
		C44D1B4A1C2AD94100048CFF /* AppDelegate.h */ = {isa = PBXFileReference; lastKnownFileType = sourcecode.c.h; path = AppDelegate.h; sourceTree = "<group>"; };
		C44D1B4B1C2AD94100048CFF /* AppDelegate.m */ = {isa = PBXFileReference; lastKnownFileType = sourcecode.c.objc; path = AppDelegate.m; sourceTree = "<group>"; };
		C44D1B511C2AD94100048CFF /* Base */ = {isa = PBXFileReference; lastKnownFileType = file.storyboard; name = Base; path = Base.lproj/Main.storyboard; sourceTree = "<group>"; };
		C44D1B531C2AD94200048CFF /* Assets.xcassets */ = {isa = PBXFileReference; lastKnownFileType = folder.assetcatalog; path = Assets.xcassets; sourceTree = "<group>"; };
		C44D1B581C2AD94200048CFF /* Info.plist */ = {isa = PBXFileReference; lastKnownFileType = text.plist.xml; path = Info.plist; sourceTree = "<group>"; };
		C44D1B5D1C2AD94200048CFF /* LPYFrameworkTests.xctest */ = {isa = PBXFileReference; explicitFileType = wrapper.cfbundle; includeInIndex = 0; path = LPYFrameworkTests.xctest; sourceTree = BUILT_PRODUCTS_DIR; };
		C44D1B611C2AD94200048CFF /* LPYFrameworkTests.m */ = {isa = PBXFileReference; lastKnownFileType = sourcecode.c.objc; path = LPYFrameworkTests.m; sourceTree = "<group>"; };
		C44D1B631C2AD94200048CFF /* Info.plist */ = {isa = PBXFileReference; lastKnownFileType = text.plist.xml; path = Info.plist; sourceTree = "<group>"; };
		C44D1B681C2AD94200048CFF /* LPYFrameworkUITests.xctest */ = {isa = PBXFileReference; explicitFileType = wrapper.cfbundle; includeInIndex = 0; path = LPYFrameworkUITests.xctest; sourceTree = BUILT_PRODUCTS_DIR; };
		C44D1B6C1C2AD94200048CFF /* LPYFrameworkUITests.m */ = {isa = PBXFileReference; lastKnownFileType = sourcecode.c.objc; path = LPYFrameworkUITests.m; sourceTree = "<group>"; };
		C44D1B6E1C2AD94200048CFF /* Info.plist */ = {isa = PBXFileReference; lastKnownFileType = text.plist.xml; path = Info.plist; sourceTree = "<group>"; };
/* End PBXFileReference section */

/* Begin PBXFrameworksBuildPhase section */
		C44D1B411C2AD94100048CFF /* Frameworks */ = {
			isa = PBXFrameworksBuildPhase;
			buildActionMask = 2147483647;
			files = (
				84AC0DDA1C4E17B700C49331 /* Security.framework in Frameworks */,
			);
			runOnlyForDeploymentPostprocessing = 0;
		};
		C44D1B5A1C2AD94200048CFF /* Frameworks */ = {
			isa = PBXFrameworksBuildPhase;
			buildActionMask = 2147483647;
			files = (
			);
			runOnlyForDeploymentPostprocessing = 0;
		};
		C44D1B651C2AD94200048CFF /* Frameworks */ = {
			isa = PBXFrameworksBuildPhase;
			buildActionMask = 2147483647;
			files = (
			);
			runOnlyForDeploymentPostprocessing = 0;
		};
/* End PBXFrameworksBuildPhase section */

/* Begin PBXGroup section */
		841846381C4CBD5D00F8AF89 /* GesturesUnlock(手势解锁) */ = {
			isa = PBXGroup;
			children = (
				84AC0DD51C4E175C00C49331 /* Tool */,
				84AC0DC81C4CEC3500C49331 /* View */,
				84AC0DC41C4CEBB600C49331 /* Category */,
				841846461C4CD46700F8AF89 /* Circle */,
				841846391C4CBDA000F8AF89 /* LPYGesturesUnlockViewController.h */,
				8418463A1C4CBDA000F8AF89 /* LPYGesturesUnlockViewController.m */,
				841846431C4CD15700F8AF89 /* LPYGestureViewController.h */,
				841846441C4CD15700F8AF89 /* LPYGestureViewController.m */,
				84AC0DD21C4CF4F100C49331 /* LPYGestureVertifyViewController.h */,
				84AC0DD31C4CF4F100C49331 /* LPYGestureVertifyViewController.m */,
			);
			path = "GesturesUnlock(手势解锁)";
			sourceTree = "<group>";
		};
		8418463C1C4CC06F00F8AF89 /* TouchID */ = {
			isa = PBXGroup;
			children = (
				8418463D1C4CC07900F8AF89 /* LPYTouchIDViewController.h */,
				8418463E1C4CC07900F8AF89 /* LPYTouchIDViewController.m */,
			);
			path = TouchID;
			sourceTree = "<group>";
		};
		841846461C4CD46700F8AF89 /* Circle */ = {
			isa = PBXGroup;
			children = (
				841846471C4CD4B200F8AF89 /* LPYCircle.h */,
				841846481C4CD4B200F8AF89 /* LPYCircle.m */,
				8418464A1C4CD4DA00F8AF89 /* LPYCircleView.h */,
				8418464B1C4CD4DA00F8AF89 /* LPYCircleView.m */,
				8418464D1C4CD4EA00F8AF89 /* LPYCircleViewConst.h */,
				8418464E1C4CD4EA00F8AF89 /* LPYCircleViewConst.m */,
			);
			path = Circle;
			sourceTree = "<group>";
		};
		841FB63D1C3CB839007B1762 /* QRCode */ = {
			isa = PBXGroup;
			children = (
				84441DFF1C3E80180059BEDA /* noticeMusic.wav */,
				841FB63E1C3CB88B007B1762 /* LPYQRCodeViewController.h */,
				841FB63F1C3CB88B007B1762 /* LPYQRCodeViewController.m */,
				841FB6401C3CB88B007B1762 /* LPYQRCodeViewController.xib */,
				84FDBA9F1C3D0B7F0048FDA4 /* LPYQRCodeScanningViewController.h */,
				84FDBAA01C3D0B7F0048FDA4 /* LPYQRCodeScanningViewController.m */,
				84FDBAA11C3D0B7F0048FDA4 /* LPYQRCodeScanningViewController.xib */,
			);
			path = QRCode;
			sourceTree = "<group>";
		};
		841FB6431C3CD0CF007B1762 /* Category */ = {
			isa = PBXGroup;
			children = (
				84C1E65C1C40F03C00378F31 /* CAGradientLayer+Extension.h */,
				84C1E65D1C40F03C00378F31 /* CAGradientLayer+Extension.m */,
				84C1E65A1C40EF9700378F31 /* Dealloc+MyDealloc.m */,
				84C1E6571C40EF6100378F31 /* NSDictionary+Extension.h */,
				84C1E6581C40EF6100378F31 /* NSDictionary+Extension.m */,
				84C1E6541C40EF4300378F31 /* NSString+Extension.h */,
				84C1E6551C40EF4300378F31 /* NSString+Extension.m */,
				84C1E6511C40EF0700378F31 /* UILabel+Extension.h */,
				84C1E6521C40EF0700378F31 /* UILabel+Extension.m */,
				84C1E64E1C40EEB100378F31 /* UITextView+PlaceHolder.h */,
				84C1E64F1C40EEB100378F31 /* UITextView+PlaceHolder.m */,
				84C1E64B1C40EE4000378F31 /* UIBarButtonItem+Extension.h */,
				84C1E64C1C40EE4000378F31 /* UIBarButtonItem+Extension.m */,
				841FB6471C3CD184007B1762 /* UIImage+Extension.h */,
				841FB6481C3CD184007B1762 /* UIImage+Extension.m */,
				841FB6441C3CD10B007B1762 /* UIView+Extension.h */,
				841FB6451C3CD10B007B1762 /* UIView+Extension.m */,
			);
			path = Category;
			sourceTree = "<group>";
		};
		842F6CB41C3FC4940031AC16 /* KeyBoard */ = {
			isa = PBXGroup;
			children = (
				842F6CCC1C3FC5AD0031AC16 /* LPYNumberPad.bundle */,
				842F6CB51C3FC4940031AC16 /* LPYNumberButton.h */,
				842F6CB61C3FC4940031AC16 /* LPYNumberButton.m */,
				842F6CB71C3FC4940031AC16 /* LPYNumberPad.h */,
				842F6CB81C3FC4940031AC16 /* LPYNumberPad.m */,
				842F6CCE1C3FC6A30031AC16 /* LPYNumberPadStyle.h */,
				842F6CB91C3FC4940031AC16 /* LPYNumberPadDefaultStyle.h */,
				842F6CBA1C3FC4940031AC16 /* LPYNumberPadDefaultStyle.m */,
				842F6CBB1C3FC4940031AC16 /* LPYPasswordKeyBoardViewController.h */,
				842F6CBC1C3FC4940031AC16 /* LPYPasswordKeyBoardViewController.m */,
				842F6CBD1C3FC4940031AC16 /* UIImage+LPYNumberPad.h */,
				842F6CBE1C3FC4940031AC16 /* UIImage+LPYNumberPad.m */,
				84C1E65F1C40F3C700378F31 /* LPYPasswordInputView.h */,
				84C1E6601C40F3C700378F31 /* LPYPasswordInputView.m */,
			);
			path = KeyBoard;
			sourceTree = "<group>";
		};
		842F6CBF1C3FC4940031AC16 /* Light */ = {
			isa = PBXGroup;
			children = (
				842F6CC01C3FC4940031AC16 /* LPYLightShowViewController.h */,
				842F6CC11C3FC4940031AC16 /* LPYLightShowViewController.m */,
			);
			path = Light;
			sourceTree = "<group>";
		};
		842F6CC81C3FC49A0031AC16 /* Tool */ = {
			isa = PBXGroup;
			children = (
				842F6CC91C3FC49A0031AC16 /* LPYCommonHelp.h */,
				842F6CCA1C3FC49A0031AC16 /* LPYCommonHelp.m */,
			);
			path = Tool;
			sourceTree = "<group>";
		};
		84885F781C47887100EC90E4 /* DesignPatterns */ = {
			isa = PBXGroup;
			children = (
				849A8F571C589887002EA2F1 /* FactoryPattern（工厂模式） */,
				849A8F391C589859002EA2F1 /* PrototypePattern（原型:外观） */,
				849A8F231C585516002EA2F1 /* DecoratorPattern（装饰模式） */,
				848B2DDF1C4C8369009168D3 /* NotificationCenterAndKVO  */,
				848B2DDE1C49009F009168D3 /* ObserverPattern（观察者模式） */,
				848B2DC71C47B862009168D3 /* StragegyPattern（策略模式） */,
				84885F791C47887100EC90E4 /* AdapterPattern（适配器模式） */,
			);
			path = DesignPatterns;
			sourceTree = "<group>";
		};
		84885F791C47887100EC90E4 /* AdapterPattern（适配器模式） */ = {
			isa = PBXGroup;
			children = (
				84885F7A1C4789D200EC90E4 /* LPYBussinessCardView.h */,
				84885F7B1C4789D200EC90E4 /* LPYBussinessCardView.m */,
				84885F801C478D0400EC90E4 /* LPYBussinessCardViewController.h */,
				84885F811C478D0400EC90E4 /* LPYBussinessCardViewController.m */,
				84885F7D1C478CCA00EC90E4 /* LPYBussinessCardModel.h */,
				84885F7E1C478CCA00EC90E4 /* LPYBussinessCardModel.m */,
				84885F841C47935300EC90E4 /* LPYBussinessNewCardModel.h */,
				84885F851C47935300EC90E4 /* LPYBussinessNewCardModel.m */,
				84885F831C4790B700EC90E4 /* LPYBussinessCardAdapterProtocol.h */,
				84885F871C47970B00EC90E4 /* LPYBussinessBaseCardAdapter.h */,
				84885F881C47970B00EC90E4 /* LPYBussinessBaseCardAdapter.m */,
				84885F8A1C4799C300EC90E4 /* LPYBussinessCardModelAdapter.h */,
				84885F8B1C4799C300EC90E4 /* LPYBussinessCardModelAdapter.m */,
				84885F8D1C4799E900EC90E4 /* LPYBussinessNewCardModelAdapter.h */,
				84885F8E1C4799E900EC90E4 /* LPYBussinessNewCardModelAdapter.m */,
				84885F901C47A45000EC90E4 /* LPYBussinessCardAdapter.h */,
				84885F911C47A45000EC90E4 /* LPYBussinessCardAdapter.m */,
			);
			path = "AdapterPattern（适配器模式）";
			sourceTree = "<group>";
		};
		848B2DC71C47B862009168D3 /* StragegyPattern（策略模式） */ = {
			isa = PBXGroup;
			children = (
				848B2DD41C48A682009168D3 /* InputValidator */,
				848B2DC81C489D10009168D3 /* LPYStrategyViewController.h */,
				848B2DC91C489D10009168D3 /* LPYStrategyViewController.m */,
				848B2DCB1C489D91009168D3 /* LPYCustomField.h */,
				848B2DCC1C489D91009168D3 /* LPYCustomField.m */,
				848B2DCE1C48A221009168D3 /* UIButton+inits.h */,
				848B2DCF1C48A221009168D3 /* UIButton+inits.m */,
				848B2DD11C48A41F009168D3 /* RegExCategories.h */,
				848B2DD21C48A41F009168D3 /* RegExCategories.m */,
			);
			path = "StragegyPattern（策略模式）";
			sourceTree = "<group>";
		};
		848B2DD41C48A682009168D3 /* InputValidator */ = {
			isa = PBXGroup;
			children = (
				848B2DD51C48A6E9009168D3 /* LPYBaseInputValidator.h */,
				848B2DD61C48A6E9009168D3 /* LPYBaseInputValidator.m */,
				848B2DD81C48A78F009168D3 /* LPYEmailValidator.h */,
				848B2DD91C48A78F009168D3 /* LPYEmailValidator.m */,
				848B2DDB1C48A7A5009168D3 /* LPYPhoneNumberValidator.h */,
				848B2DDC1C48A7A5009168D3 /* LPYPhoneNumberValidator.m */,
			);
			path = InputValidator;
			sourceTree = "<group>";
		};
		848B2DDE1C49009F009168D3 /* ObserverPattern（观察者模式） */ = {
			isa = PBXGroup;
			children = (
				848B2DE01C4C84A5009168D3 /* LPYOberverPatternViewController.h */,
				848B2DE11C4C84A5009168D3 /* LPYOberverPatternViewController.m */,
				848B2DE31C4C853D009168D3 /* LPYSubscriptionServiceCenter.h */,
				848B2DE41C4C853D009168D3 /* LPYSubscriptionServiceCenter.m */,
				84D3F9621C4C8AF40079DEA3 /* LPYSubscriptionServiceCenterProtocol.h */,
			);
			path = "ObserverPattern（观察者模式）";
			sourceTree = "<group>";
		};
		848B2DDF1C4C8369009168D3 /* NotificationCenterAndKVO  */ = {
			isa = PBXGroup;
			children = (
				84DD0D931C4C912A00E379E2 /* LPYNotificationCenterAndKVOViewController.h */,
				84DD0D941C4C912A00E379E2 /* LPYNotificationCenterAndKVOViewController.m */,
				84DD0D961C4C92E200E379E2 /* LPYKVOModel.h */,
				84DD0D971C4C92E200E379E2 /* LPYKVOModel.m */,
			);
			path = "NotificationCenterAndKVO ";
			sourceTree = "<group>";
		};
		849A8F231C585516002EA2F1 /* DecoratorPattern（装饰模式） */ = {
			isa = PBXGroup;
			children = (
				849A8F241C585602002EA2F1 /* LPYDecoratorPatternViewController.h */,
				849A8F251C585602002EA2F1 /* LPYDecoratorPatternViewController.m */,
				849A8F271C58565F002EA2F1 /* LPYGamePad.h */,
				849A8F281C58565F002EA2F1 /* LPYGamePad.m */,
				849A8F2A1C585874002EA2F1 /* LPYGamePadDecorator.h */,
				849A8F2B1C585874002EA2F1 /* LPYGamePadDecorator.m */,
				849A8F2D1C5859F9002EA2F1 /* LPYCheatGamePadDecorator.h */,
				849A8F2E1C5859F9002EA2F1 /* LPYCheatGamePadDecorator.m */,
				849A8F301C585A7E002EA2F1 /* LPYCoinGamePadDecorator.h */,
				849A8F311C585A7E002EA2F1 /* LPYCoinGamePadDecorator.m */,
				849A8F331C585D87002EA2F1 /* LPYGamePad+LPYCheat.h */,
				849A8F341C585D87002EA2F1 /* LPYGamePad+LPYCheat.m */,
				849A8F361C585DB2002EA2F1 /* LPYGamePad+LPYCoin.h */,
				849A8F371C585DB2002EA2F1 /* LPYGamePad+LPYCoin.m */,
			);
			path = "DecoratorPattern（装饰模式）";
			sourceTree = "<group>";
		};
		849A8F391C589859002EA2F1 /* PrototypePattern（原型:外观） */ = {
			isa = PBXGroup;
			children = (
				849A8F3A1C589859002EA2F1 /* DrawDemo */,
				849A8F431C589859002EA2F1 /* LPYBaseCopyObject.h */,
				849A8F441C589859002EA2F1 /* LPYBaseCopyObject.m */,
				849A8F451C589859002EA2F1 /* LPYDepartmentModel.h */,
				849A8F461C589859002EA2F1 /* LPYDepartmentModel.m */,
				849A8F471C589859002EA2F1 /* LPYPrototypeCopyProtocol.h */,
				849A8F481C589859002EA2F1 /* LPYPrototypePatternViewController.h */,
				849A8F491C589859002EA2F1 /* LPYPrototypePatternViewController.m */,
				849A8F4A1C589859002EA2F1 /* LPYStudentModel.h */,
				849A8F4B1C589859002EA2F1 /* LPYStudentModel.m */,
				849A8F4C1C589859002EA2F1 /* LPYTeacherModel.h */,
				849A8F4D1C589859002EA2F1 /* LPYTeacherModel.m */,
			);
			path = "PrototypePattern（原型:外观）";
			sourceTree = "<group>";
		};
		849A8F3A1C589859002EA2F1 /* DrawDemo */ = {
			isa = PBXGroup;
			children = (
				849A8F3B1C589859002EA2F1 /* LPYCircle1.h */,
				849A8F3C1C589859002EA2F1 /* LPYCircle1.m */,
				849A8F3D1C589859002EA2F1 /* LPYRectangle.h */,
				849A8F3E1C589859002EA2F1 /* LPYRectangle.m */,
				849A8F3F1C589859002EA2F1 /* LPYShape.h */,
				849A8F401C589859002EA2F1 /* LPYShape.m */,
				849A8F411C589859002EA2F1 /* LPYShapeMaker.h */,
				849A8F421C589859002EA2F1 /* LPYShapeMaker.m */,
			);
			path = DrawDemo;
			sourceTree = "<group>";
		};
		849A8F571C589887002EA2F1 /* FactoryPattern（工厂模式） */ = {
			isa = PBXGroup;
			children = (
				849A8F581C589887002EA2F1 /* AbstractFactoryPattern（抽象工厂模式） */,
				849A8F5A1C589887002EA2F1 /* SimpleFactoryPattern（简单工厂模式） */,
				849A8F5B1C589D47002EA2F1 /* LPYFactoryPatternViewController.h */,
				849A8F5C1C589D47002EA2F1 /* LPYFactoryPatternViewController.m */,
			);
			path = "FactoryPattern（工厂模式）";
			sourceTree = "<group>";
		};
		849A8F581C589887002EA2F1 /* AbstractFactoryPattern（抽象工厂模式） */ = {
			isa = PBXGroup;
			children = (
				849A8F6F1C58A32F002EA2F1 /* Factory */,
				849A8F701C58A32F002EA2F1 /* Phone */,
				849A8F711C58A32F002EA2F1 /* Watch */,
				849A8F721C58A349002EA2F1 /* LPYFactoryManager.h */,
				849A8F731C58A349002EA2F1 /* LPYFactoryManager.m */,
			);
			path = "AbstractFactoryPattern（抽象工厂模式）";
			sourceTree = "<group>";
		};
		849A8F5A1C589887002EA2F1 /* SimpleFactoryPattern（简单工厂模式） */ = {
			isa = PBXGroup;
			children = (
				849A8F611C589DFD002EA2F1 /* Device */,
				849A8F5E1C589DE7002EA2F1 /* LPYDeviceFactory.h */,
				849A8F5F1C589DE7002EA2F1 /* LPYDeviceFactory.m */,
			);
			path = "SimpleFactoryPattern（简单工厂模式）";
			sourceTree = "<group>";
		};
		849A8F611C589DFD002EA2F1 /* Device */ = {
			isa = PBXGroup;
			children = (
				849A8F651C589E2E002EA2F1 /* LPYPhoneProtocol.h */,
				849A8F621C589E10002EA2F1 /* LPYBaseDevice.h */,
				849A8F631C589E10002EA2F1 /* LPYBaseDevice.m */,
				849A8F661C589E47002EA2F1 /* LPYiPhoneDevice.h */,
				849A8F671C589E47002EA2F1 /* LPYiPhoneDevice.m */,
				849A8F691C589E55002EA2F1 /* LPYAndroidDevice.h */,
				849A8F6A1C589E55002EA2F1 /* LPYAndroidDevice.m */,
				849A8F6C1C589E64002EA2F1 /* LPYNokiaDevice.h */,
				849A8F6D1C589E64002EA2F1 /* LPYNokiaDevice.m */,
			);
			path = Device;
			sourceTree = "<group>";
		};
		849A8F6F1C58A32F002EA2F1 /* Factory */ = {
			isa = PBXGroup;
			children = (
				849A8F751C58A390002EA2F1 /* LPYBaseFactory.h */,
				849A8F761C58A390002EA2F1 /* LPYBaseFactory.m */,
				849A8F781C58A3B1002EA2F1 /* LPYAppleFactory.h */,
				849A8F791C58A3B2002EA2F1 /* LPYAppleFactory.m */,
				849A8F7B1C58A3C3002EA2F1 /* LPYGoogleFactory.h */,
				849A8F7C1C58A3C3002EA2F1 /* LPYGoogleFactory.m */,
			);
			path = Factory;
			sourceTree = "<group>";
		};
		849A8F701C58A32F002EA2F1 /* Phone */ = {
			isa = PBXGroup;
			children = (
				849A8F7E1C58A3EB002EA2F1 /* LPYBasePhone.h */,
				849A8F7F1C58A3EB002EA2F1 /* LPYBasePhone.m */,
				849A8F811C58A400002EA2F1 /* LPYiPhone.h */,
				849A8F821C58A400002EA2F1 /* LPYiPhone.m */,
				849A8F841C58A419002EA2F1 /* LPYAndroid.h */,
				849A8F851C58A419002EA2F1 /* LPYAndroid.m */,
			);
			path = Phone;
			sourceTree = "<group>";
		};
		849A8F711C58A32F002EA2F1 /* Watch */ = {
			isa = PBXGroup;
			children = (
				849A8F871C58A42C002EA2F1 /* LPYBaseWatch.h */,
				849A8F881C58A42C002EA2F1 /* LPYBaseWatch.m */,
				849A8F8A1C58A43E002EA2F1 /* LPYiWatch.h */,
				849A8F8B1C58A43E002EA2F1 /* LPYiWatch.m */,
				849A8F8D1C58A449002EA2F1 /* LPYAndroidWatch.h */,
				849A8F8E1C58A449002EA2F1 /* LPYAndroidWatch.m */,
			);
			path = Watch;
			sourceTree = "<group>";
		};
		84AC0DC41C4CEBB600C49331 /* Category */ = {
			isa = PBXGroup;
			children = (
				84AC0DC51C4CEBD600C49331 /* CALayer+LPYAnimation.h */,
				84AC0DC61C4CEBD600C49331 /* CALayer+LPYAnimation.m */,
			);
			path = Category;
			sourceTree = "<group>";
		};
		84AC0DC81C4CEC3500C49331 /* View */ = {
			isa = PBXGroup;
			children = (
				84AC0DCC1C4CEC6A00C49331 /* LPYLockLabel.h */,
				84AC0DCD1C4CEC6A00C49331 /* LPYLockLabel.m */,
				84AC0DCF1C4CEC7900C49331 /* LPYCircleInfoView.h */,
				84AC0DD01C4CEC7900C49331 /* LPYCircleInfoView.m */,
			);
			path = View;
			sourceTree = "<group>";
		};
		84AC0DD51C4E175C00C49331 /* Tool */ = {
			isa = PBXGroup;
			children = (
				84AC0DDB1C4E1A6100C49331 /* KeychainItemWrapper.h */,
				84AC0DDC1C4E1A6100C49331 /* KeychainItemWrapper.m */,
				84AC0DD61C4E176B00C49331 /* SFHFKeychainUtils.h */,
				84AC0DD71C4E176B00C49331 /* SFHFKeychainUtils.m */,
			);
			path = Tool;
			sourceTree = "<group>";
		};
		C40E70E71C3ABF7500F9567D /* ScrollView */ = {
			isa = PBXGroup;
			children = (
				C40E70E81C3AC21B00F9567D /* LPYInfiniteScrollView.h */,
				C40E70E91C3AC21B00F9567D /* LPYInfiniteScrollView.m */,
				C40E70EB1C3AC2D900F9567D /* LPYInfiniteScrollViewController.h */,
				C40E70EC1C3AC2D900F9567D /* LPYInfiniteScrollViewController.m */,
			);
			path = ScrollView;
			sourceTree = "<group>";
		};
		C430173A1C4E833A00CDD1F5 /* Resource */ = {
			isa = PBXGroup;
			children = (
			);
			path = Resource;
			sourceTree = "<group>";
		};
		C44D1B3B1C2AD94100048CFF = {
			isa = PBXGroup;
			children = (
				84AC0DD91C4E17B700C49331 /* Security.framework */,
				C44D1B461C2AD94100048CFF /* LPYFramework */,
				C44D1B601C2AD94200048CFF /* LPYFrameworkTests */,
				C44D1B6B1C2AD94200048CFF /* LPYFrameworkUITests */,
				C44D1B451C2AD94100048CFF /* Products */,
			);
			sourceTree = "<group>";
		};
		C44D1B451C2AD94100048CFF /* Products */ = {
			isa = PBXGroup;
			children = (
				C44D1B441C2AD94100048CFF /* LPYFramework.app */,
				C44D1B5D1C2AD94200048CFF /* LPYFrameworkTests.xctest */,
				C44D1B681C2AD94200048CFF /* LPYFrameworkUITests.xctest */,
			);
			name = Products;
			sourceTree = "<group>";
		};
		C44D1B461C2AD94100048CFF /* LPYFramework */ = {
			isa = PBXGroup;
			children = (
				C430173A1C4E833A00CDD1F5 /* Resource */,
				8418463C1C4CC06F00F8AF89 /* TouchID */,
				841846381C4CBD5D00F8AF89 /* GesturesUnlock(手势解锁) */,
				84885F781C47887100EC90E4 /* DesignPatterns */,
				842F6CC81C3FC49A0031AC16 /* Tool */,
				842F6CB41C3FC4940031AC16 /* KeyBoard */,
				842F6CBF1C3FC4940031AC16 /* Light */,
				841FB6431C3CD0CF007B1762 /* Category */,
				841FB63D1C3CB839007B1762 /* QRCode */,
				C40E70E71C3ABF7500F9567D /* ScrollView */,
				C44D1B4A1C2AD94100048CFF /* AppDelegate.h */,
				C44D1B4B1C2AD94100048CFF /* AppDelegate.m */,
				C44D1B501C2AD94100048CFF /* Main.storyboard */,
				841846401C4CC10D00F8AF89 /* LPYMainViewController.h */,
				841846411C4CC10D00F8AF89 /* LPYMainViewController.m */,
				C44D1B531C2AD94200048CFF /* Assets.xcassets */,
				C44D1B581C2AD94200048CFF /* Info.plist */,
				C44D1B471C2AD94100048CFF /* Supporting Files */,
			);
			path = LPYFramework;
			sourceTree = "<group>";
		};
		C44D1B471C2AD94100048CFF /* Supporting Files */ = {
			isa = PBXGroup;
			children = (
				C44D1B481C2AD94100048CFF /* main.m */,
			);
			name = "Supporting Files";
			sourceTree = "<group>";
		};
		C44D1B601C2AD94200048CFF /* LPYFrameworkTests */ = {
			isa = PBXGroup;
			children = (
				C44D1B611C2AD94200048CFF /* LPYFrameworkTests.m */,
				C44D1B631C2AD94200048CFF /* Info.plist */,
			);
			path = LPYFrameworkTests;
			sourceTree = "<group>";
		};
		C44D1B6B1C2AD94200048CFF /* LPYFrameworkUITests */ = {
			isa = PBXGroup;
			children = (
				C44D1B6C1C2AD94200048CFF /* LPYFrameworkUITests.m */,
				C44D1B6E1C2AD94200048CFF /* Info.plist */,
			);
			path = LPYFrameworkUITests;
			sourceTree = "<group>";
		};
/* End PBXGroup section */

/* Begin PBXNativeTarget section */
		C44D1B431C2AD94100048CFF /* LPYFramework */ = {
			isa = PBXNativeTarget;
			buildConfigurationList = C44D1B711C2AD94200048CFF /* Build configuration list for PBXNativeTarget "LPYFramework" */;
			buildPhases = (
				C44D1B401C2AD94100048CFF /* Sources */,
				C44D1B411C2AD94100048CFF /* Frameworks */,
				C44D1B421C2AD94100048CFF /* Resources */,
			);
			buildRules = (
			);
			dependencies = (
			);
			name = LPYFramework;
			productName = LPYFramework;
			productReference = C44D1B441C2AD94100048CFF /* LPYFramework.app */;
			productType = "com.apple.product-type.application";
		};
		C44D1B5C1C2AD94200048CFF /* LPYFrameworkTests */ = {
			isa = PBXNativeTarget;
			buildConfigurationList = C44D1B741C2AD94200048CFF /* Build configuration list for PBXNativeTarget "LPYFrameworkTests" */;
			buildPhases = (
				C44D1B591C2AD94200048CFF /* Sources */,
				C44D1B5A1C2AD94200048CFF /* Frameworks */,
				C44D1B5B1C2AD94200048CFF /* Resources */,
			);
			buildRules = (
			);
			dependencies = (
				C44D1B5F1C2AD94200048CFF /* PBXTargetDependency */,
			);
			name = LPYFrameworkTests;
			productName = LPYFrameworkTests;
			productReference = C44D1B5D1C2AD94200048CFF /* LPYFrameworkTests.xctest */;
			productType = "com.apple.product-type.bundle.unit-test";
		};
		C44D1B671C2AD94200048CFF /* LPYFrameworkUITests */ = {
			isa = PBXNativeTarget;
			buildConfigurationList = C44D1B771C2AD94200048CFF /* Build configuration list for PBXNativeTarget "LPYFrameworkUITests" */;
			buildPhases = (
				C44D1B641C2AD94200048CFF /* Sources */,
				C44D1B651C2AD94200048CFF /* Frameworks */,
				C44D1B661C2AD94200048CFF /* Resources */,
			);
			buildRules = (
			);
			dependencies = (
				C44D1B6A1C2AD94200048CFF /* PBXTargetDependency */,
			);
			name = LPYFrameworkUITests;
			productName = LPYFrameworkUITests;
			productReference = C44D1B681C2AD94200048CFF /* LPYFrameworkUITests.xctest */;
			productType = "com.apple.product-type.bundle.ui-testing";
		};
/* End PBXNativeTarget section */

/* Begin PBXProject section */
		C44D1B3C1C2AD94100048CFF /* Project object */ = {
			isa = PBXProject;
			attributes = {
				CLASSPREFIX = LPY;
				LastUpgradeCheck = 0700;
				ORGANIZATIONNAME = liupuyan;
				TargetAttributes = {
					C44D1B431C2AD94100048CFF = {
						CreatedOnToolsVersion = 7.0;
						DevelopmentTeam = R5NK8T5JLD;
					};
					C44D1B5C1C2AD94200048CFF = {
						CreatedOnToolsVersion = 7.0;
						DevelopmentTeam = D3F273K29F;
						TestTargetID = C44D1B431C2AD94100048CFF;
					};
					C44D1B671C2AD94200048CFF = {
						CreatedOnToolsVersion = 7.0;
						DevelopmentTeam = D3F273K29F;
						TestTargetID = C44D1B431C2AD94100048CFF;
					};
				};
			};
			buildConfigurationList = C44D1B3F1C2AD94100048CFF /* Build configuration list for PBXProject "LPYFramework" */;
			compatibilityVersion = "Xcode 3.2";
			developmentRegion = English;
			hasScannedForEncodings = 0;
			knownRegions = (
				en,
				Base,
			);
			mainGroup = C44D1B3B1C2AD94100048CFF;
			productRefGroup = C44D1B451C2AD94100048CFF /* Products */;
			projectDirPath = "";
			projectRoot = "";
			targets = (
				C44D1B431C2AD94100048CFF /* LPYFramework */,
				C44D1B5C1C2AD94200048CFF /* LPYFrameworkTests */,
				C44D1B671C2AD94200048CFF /* LPYFrameworkUITests */,
			);
		};
/* End PBXProject section */

/* Begin PBXResourcesBuildPhase section */
		C44D1B421C2AD94100048CFF /* Resources */ = {
			isa = PBXResourcesBuildPhase;
			buildActionMask = 2147483647;
			files = (
				842F6CCD1C3FC5AD0031AC16 /* LPYNumberPad.bundle in Resources */,
				841FB6421C3CB88B007B1762 /* LPYQRCodeViewController.xib in Resources */,
				C44D1B541C2AD94200048CFF /* Assets.xcassets in Resources */,
				84441E001C3E80180059BEDA /* noticeMusic.wav in Resources */,
				C44D1B521C2AD94100048CFF /* Main.storyboard in Resources */,
				84FDBAA31C3D0B7F0048FDA4 /* LPYQRCodeScanningViewController.xib in Resources */,
			);
			runOnlyForDeploymentPostprocessing = 0;
		};
		C44D1B5B1C2AD94200048CFF /* Resources */ = {
			isa = PBXResourcesBuildPhase;
			buildActionMask = 2147483647;
			files = (
			);
			runOnlyForDeploymentPostprocessing = 0;
		};
		C44D1B661C2AD94200048CFF /* Resources */ = {
			isa = PBXResourcesBuildPhase;
			buildActionMask = 2147483647;
			files = (
			);
			runOnlyForDeploymentPostprocessing = 0;
		};
/* End PBXResourcesBuildPhase section */

/* Begin PBXSourcesBuildPhase section */
		C44D1B401C2AD94100048CFF /* Sources */ = {
			isa = PBXSourcesBuildPhase;
			buildActionMask = 2147483647;
			files = (
				849A8F261C585602002EA2F1 /* LPYDecoratorPatternViewController.m in Sources */,
				849A8F861C58A419002EA2F1 /* LPYAndroid.m in Sources */,
				841FB6411C3CB88B007B1762 /* LPYQRCodeViewController.m in Sources */,
				849A8F7D1C58A3C3002EA2F1 /* LPYGoogleFactory.m in Sources */,
				849A8F5D1C589D47002EA2F1 /* LPYFactoryPatternViewController.m in Sources */,
				84DD0D951C4C912A00E379E2 /* LPYNotificationCenterAndKVOViewController.m in Sources */,
				84AC0DC71C4CEBD600C49331 /* CALayer+LPYAnimation.m in Sources */,
				848B2DD31C48A41F009168D3 /* RegExCategories.m in Sources */,
				84C1E6501C40EEB100378F31 /* UITextView+PlaceHolder.m in Sources */,
				849A8F511C589859002EA2F1 /* LPYShapeMaker.m in Sources */,
				84C1E65E1C40F03C00378F31 /* CAGradientLayer+Extension.m in Sources */,
				84885F921C47A45000EC90E4 /* LPYBussinessCardAdapter.m in Sources */,
				848B2DD71C48A6E9009168D3 /* LPYBaseInputValidator.m in Sources */,
				84885F821C478D0400EC90E4 /* LPYBussinessCardViewController.m in Sources */,
				842F6CCB1C3FC49A0031AC16 /* LPYCommonHelp.m in Sources */,
				84C1E6611C40F3C700378F31 /* LPYPasswordInputView.m in Sources */,
				C44D1B4C1C2AD94100048CFF /* AppDelegate.m in Sources */,
				84885F7F1C478CCA00EC90E4 /* LPYBussinessCardModel.m in Sources */,
				849A8F501C589859002EA2F1 /* LPYShape.m in Sources */,
				84C1E6531C40EF0700378F31 /* UILabel+Extension.m in Sources */,
				848B2DD01C48A221009168D3 /* UIButton+inits.m in Sources */,
				848B2DCD1C489D91009168D3 /* LPYCustomField.m in Sources */,
				849A8F741C58A349002EA2F1 /* LPYFactoryManager.m in Sources */,
				849A8F321C585A7E002EA2F1 /* LPYCoinGamePadDecorator.m in Sources */,
				84AC0DD11C4CEC7900C49331 /* LPYCircleInfoView.m in Sources */,
				842F6CC51C3FC4940031AC16 /* LPYPasswordKeyBoardViewController.m in Sources */,
				848B2DCA1C489D10009168D3 /* LPYStrategyViewController.m in Sources */,
				849A8F8C1C58A43E002EA2F1 /* LPYiWatch.m in Sources */,
				848B2DE51C4C853D009168D3 /* LPYSubscriptionServiceCenter.m in Sources */,
				849A8F521C589859002EA2F1 /* LPYBaseCopyObject.m in Sources */,
				849A8F601C589DE7002EA2F1 /* LPYDeviceFactory.m in Sources */,
				84FDBAA21C3D0B7F0048FDA4 /* LPYQRCodeScanningViewController.m in Sources */,
				841FB6461C3CD10B007B1762 /* UIView+Extension.m in Sources */,
				849A8F681C589E47002EA2F1 /* LPYiPhoneDevice.m in Sources */,
				848B2DDA1C48A78F009168D3 /* LPYEmailValidator.m in Sources */,
				849A8F561C589859002EA2F1 /* LPYTeacherModel.m in Sources */,
				848B2DDD1C48A7A5009168D3 /* LPYPhoneNumberValidator.m in Sources */,
				849A8F551C589859002EA2F1 /* LPYStudentModel.m in Sources */,
				842F6CC61C3FC4940031AC16 /* UIImage+LPYNumberPad.m in Sources */,
				849A8F6B1C589E55002EA2F1 /* LPYAndroidDevice.m in Sources */,
				849A8F291C58565F002EA2F1 /* LPYGamePad.m in Sources */,
				849A8F541C589859002EA2F1 /* LPYPrototypePatternViewController.m in Sources */,
				84885F7C1C4789D200EC90E4 /* LPYBussinessCardView.m in Sources */,
				C40E70ED1C3AC2D900F9567D /* LPYInfiniteScrollViewController.m in Sources */,
				84C1E6591C40EF6100378F31 /* NSDictionary+Extension.m in Sources */,
				849A8F2F1C5859F9002EA2F1 /* LPYCheatGamePadDecorator.m in Sources */,
				84AC0DDD1C4E1A6100C49331 /* KeychainItemWrapper.m in Sources */,
				841846451C4CD15700F8AF89 /* LPYGestureViewController.m in Sources */,
				84AC0DD41C4CF4F100C49331 /* LPYGestureVertifyViewController.m in Sources */,
				848B2DE21C4C84A5009168D3 /* LPYOberverPatternViewController.m in Sources */,
				849A8F771C58A390002EA2F1 /* LPYBaseFactory.m in Sources */,
				8418463F1C4CC07900F8AF89 /* LPYTouchIDViewController.m in Sources */,
				84AC0DD81C4E176B00C49331 /* SFHFKeychainUtils.m in Sources */,
				842F6CC41C3FC4940031AC16 /* LPYNumberPadDefaultStyle.m in Sources */,
				849A8F891C58A42C002EA2F1 /* LPYBaseWatch.m in Sources */,
				842F6CC71C3FC4940031AC16 /* LPYLightShowViewController.m in Sources */,
				849A8F801C58A3EB002EA2F1 /* LPYBasePhone.m in Sources */,
				841846491C4CD4B200F8AF89 /* LPYCircle.m in Sources */,
				8418464F1C4CD4EA00F8AF89 /* LPYCircleViewConst.m in Sources */,
				84C1E64D1C40EE4000378F31 /* UIBarButtonItem+Extension.m in Sources */,
				C44D1B491C2AD94100048CFF /* main.m in Sources */,
				849A8F381C585DB2002EA2F1 /* LPYGamePad+LPYCoin.m in Sources */,
				84C1E6561C40EF4300378F31 /* NSString+Extension.m in Sources */,
				849A8F2C1C585874002EA2F1 /* LPYGamePadDecorator.m in Sources */,
				849A8F7A1C58A3B2002EA2F1 /* LPYAppleFactory.m in Sources */,
				849A8F4E1C589859002EA2F1 /* LPYCircle1.m in Sources */,
				849A8F8F1C58A449002EA2F1 /* LPYAndroidWatch.m in Sources */,
				849A8F351C585D87002EA2F1 /* LPYGamePad+LPYCheat.m in Sources */,
				84C1E65B1C40EF9700378F31 /* Dealloc+MyDealloc.m in Sources */,
				841846421C4CC10D00F8AF89 /* LPYMainViewController.m in Sources */,
				849A8F4F1C589859002EA2F1 /* LPYRectangle.m in Sources */,
				8418463B1C4CBDA000F8AF89 /* LPYGesturesUnlockViewController.m in Sources */,
				C40E70EA1C3AC21B00F9567D /* LPYInfiniteScrollView.m in Sources */,
				849A8F531C589859002EA2F1 /* LPYDepartmentModel.m in Sources */,
				842F6CC21C3FC4940031AC16 /* LPYNumberButton.m in Sources */,
				84DD0D981C4C92E200E379E2 /* LPYKVOModel.m in Sources */,
				84885F8F1C4799E900EC90E4 /* LPYBussinessNewCardModelAdapter.m in Sources */,
				849A8F831C58A400002EA2F1 /* LPYiPhone.m in Sources */,
				84885F8C1C4799C300EC90E4 /* LPYBussinessCardModelAdapter.m in Sources */,
				84885F891C47970B00EC90E4 /* LPYBussinessBaseCardAdapter.m in Sources */,
				8418464C1C4CD4DA00F8AF89 /* LPYCircleView.m in Sources */,
				841FB6491C3CD184007B1762 /* UIImage+Extension.m in Sources */,
				84AC0DCE1C4CEC6A00C49331 /* LPYLockLabel.m in Sources */,
				849A8F6E1C589E64002EA2F1 /* LPYNokiaDevice.m in Sources */,
				84885F861C47935300EC90E4 /* LPYBussinessNewCardModel.m in Sources */,
				849A8F641C589E10002EA2F1 /* LPYBaseDevice.m in Sources */,
				842F6CC31C3FC4940031AC16 /* LPYNumberPad.m in Sources */,
			);
			runOnlyForDeploymentPostprocessing = 0;
		};
		C44D1B591C2AD94200048CFF /* Sources */ = {
			isa = PBXSourcesBuildPhase;
			buildActionMask = 2147483647;
			files = (
				C44D1B621C2AD94200048CFF /* LPYFrameworkTests.m in Sources */,
			);
			runOnlyForDeploymentPostprocessing = 0;
		};
		C44D1B641C2AD94200048CFF /* Sources */ = {
			isa = PBXSourcesBuildPhase;
			buildActionMask = 2147483647;
			files = (
				C44D1B6D1C2AD94200048CFF /* LPYFrameworkUITests.m in Sources */,
			);
			runOnlyForDeploymentPostprocessing = 0;
		};
/* End PBXSourcesBuildPhase section */

/* Begin PBXTargetDependency section */
		C44D1B5F1C2AD94200048CFF /* PBXTargetDependency */ = {
			isa = PBXTargetDependency;
			target = C44D1B431C2AD94100048CFF /* LPYFramework */;
			targetProxy = C44D1B5E1C2AD94200048CFF /* PBXContainerItemProxy */;
		};
		C44D1B6A1C2AD94200048CFF /* PBXTargetDependency */ = {
			isa = PBXTargetDependency;
			target = C44D1B431C2AD94100048CFF /* LPYFramework */;
			targetProxy = C44D1B691C2AD94200048CFF /* PBXContainerItemProxy */;
		};
/* End PBXTargetDependency section */

/* Begin PBXVariantGroup section */
		C44D1B501C2AD94100048CFF /* Main.storyboard */ = {
			isa = PBXVariantGroup;
			children = (
				C44D1B511C2AD94100048CFF /* Base */,
			);
			name = Main.storyboard;
			sourceTree = "<group>";
		};
/* End PBXVariantGroup section */

/* Begin XCBuildConfiguration section */
		C44D1B6F1C2AD94200048CFF /* Debug */ = {
			isa = XCBuildConfiguration;
			buildSettings = {
				ALWAYS_SEARCH_USER_PATHS = NO;
				CLANG_CXX_LANGUAGE_STANDARD = "gnu++0x";
				CLANG_CXX_LIBRARY = "libc++";
				CLANG_ENABLE_MODULES = YES;
				CLANG_ENABLE_OBJC_ARC = YES;
				CLANG_WARN_BOOL_CONVERSION = YES;
				CLANG_WARN_CONSTANT_CONVERSION = YES;
				CLANG_WARN_DIRECT_OBJC_ISA_USAGE = YES_ERROR;
				CLANG_WARN_EMPTY_BODY = YES;
				CLANG_WARN_ENUM_CONVERSION = YES;
				CLANG_WARN_INT_CONVERSION = YES;
				CLANG_WARN_OBJC_ROOT_CLASS = YES_ERROR;
				CLANG_WARN_UNREACHABLE_CODE = YES;
				CLANG_WARN__DUPLICATE_METHOD_MATCH = YES;
				"CODE_SIGN_IDENTITY[sdk=iphoneos*]" = "iPhone Developer";
				COPY_PHASE_STRIP = NO;
				DEBUG_INFORMATION_FORMAT = dwarf;
				ENABLE_STRICT_OBJC_MSGSEND = YES;
				ENABLE_TESTABILITY = YES;
				GCC_C_LANGUAGE_STANDARD = gnu99;
				GCC_DYNAMIC_NO_PIC = NO;
				GCC_NO_COMMON_BLOCKS = YES;
				GCC_OPTIMIZATION_LEVEL = 0;
				GCC_PREPROCESSOR_DEFINITIONS = (
					"DEBUG=1",
					"$(inherited)",
				);
				GCC_WARN_64_TO_32_BIT_CONVERSION = YES;
				GCC_WARN_ABOUT_RETURN_TYPE = YES_ERROR;
				GCC_WARN_UNDECLARED_SELECTOR = YES;
				GCC_WARN_UNINITIALIZED_AUTOS = YES_AGGRESSIVE;
				GCC_WARN_UNUSED_FUNCTION = YES;
				GCC_WARN_UNUSED_VARIABLE = YES;
				IPHONEOS_DEPLOYMENT_TARGET = 9.0;
				MTL_ENABLE_DEBUG_INFO = YES;
				ONLY_ACTIVE_ARCH = YES;
				SDKROOT = iphoneos;
			};
			name = Debug;
		};
		C44D1B701C2AD94200048CFF /* Release */ = {
			isa = XCBuildConfiguration;
			buildSettings = {
				ALWAYS_SEARCH_USER_PATHS = NO;
				CLANG_CXX_LANGUAGE_STANDARD = "gnu++0x";
				CLANG_CXX_LIBRARY = "libc++";
				CLANG_ENABLE_MODULES = YES;
				CLANG_ENABLE_OBJC_ARC = YES;
				CLANG_WARN_BOOL_CONVERSION = YES;
				CLANG_WARN_CONSTANT_CONVERSION = YES;
				CLANG_WARN_DIRECT_OBJC_ISA_USAGE = YES_ERROR;
				CLANG_WARN_EMPTY_BODY = YES;
				CLANG_WARN_ENUM_CONVERSION = YES;
				CLANG_WARN_INT_CONVERSION = YES;
				CLANG_WARN_OBJC_ROOT_CLASS = YES_ERROR;
				CLANG_WARN_UNREACHABLE_CODE = YES;
				CLANG_WARN__DUPLICATE_METHOD_MATCH = YES;
				"CODE_SIGN_IDENTITY[sdk=iphoneos*]" = "iPhone Developer";
				COPY_PHASE_STRIP = NO;
				DEBUG_INFORMATION_FORMAT = "dwarf-with-dsym";
				ENABLE_NS_ASSERTIONS = NO;
				ENABLE_STRICT_OBJC_MSGSEND = YES;
				GCC_C_LANGUAGE_STANDARD = gnu99;
				GCC_NO_COMMON_BLOCKS = YES;
				GCC_WARN_64_TO_32_BIT_CONVERSION = YES;
				GCC_WARN_ABOUT_RETURN_TYPE = YES_ERROR;
				GCC_WARN_UNDECLARED_SELECTOR = YES;
				GCC_WARN_UNINITIALIZED_AUTOS = YES_AGGRESSIVE;
				GCC_WARN_UNUSED_FUNCTION = YES;
				GCC_WARN_UNUSED_VARIABLE = YES;
				IPHONEOS_DEPLOYMENT_TARGET = 9.0;
				MTL_ENABLE_DEBUG_INFO = NO;
				SDKROOT = iphoneos;
				VALIDATE_PRODUCT = YES;
			};
			name = Release;
		};
		C44D1B721C2AD94200048CFF /* Debug */ = {
			isa = XCBuildConfiguration;
			buildSettings = {
				ASSETCATALOG_COMPILER_APPICON_NAME = AppIcon;
				CODE_SIGN_IDENTITY = "iPhone Developer";
				"CODE_SIGN_IDENTITY[sdk=iphoneos*]" = "iPhone Developer";
				INFOPLIST_FILE = LPYFramework/Info.plist;
				IPHONEOS_DEPLOYMENT_TARGET = 8.0;
				LD_RUNPATH_SEARCH_PATHS = "$(inherited) @executable_path/Frameworks";
				PRODUCT_BUNDLE_IDENTIFIER = com.LPYFramework.app;
				PRODUCT_NAME = "$(TARGET_NAME)";
				PROVISIONING_PROFILE = "";
			};
			name = Debug;
		};
		C44D1B731C2AD94200048CFF /* Release */ = {
			isa = XCBuildConfiguration;
			buildSettings = {
				ASSETCATALOG_COMPILER_APPICON_NAME = AppIcon;
				CODE_SIGN_IDENTITY = "iPhone Developer";
				"CODE_SIGN_IDENTITY[sdk=iphoneos*]" = "iPhone Developer";
				INFOPLIST_FILE = LPYFramework/Info.plist;
				IPHONEOS_DEPLOYMENT_TARGET = 8.0;
				LD_RUNPATH_SEARCH_PATHS = "$(inherited) @executable_path/Frameworks";
				PRODUCT_BUNDLE_IDENTIFIER = com.LPYFramework.app;
				PRODUCT_NAME = "$(TARGET_NAME)";
				PROVISIONING_PROFILE = "";
			};
			name = Release;
		};
		C44D1B751C2AD94200048CFF /* Debug */ = {
			isa = XCBuildConfiguration;
			buildSettings = {
				BUNDLE_LOADER = "$(TEST_HOST)";
				INFOPLIST_FILE = LPYFrameworkTests/Info.plist;
				LD_RUNPATH_SEARCH_PATHS = "$(inherited) @executable_path/Frameworks @loader_path/Frameworks";
				PRODUCT_BUNDLE_IDENTIFIER = com.liupuyan.app.LPYFrameworkTests;
				PRODUCT_NAME = "$(TARGET_NAME)";
				TEST_HOST = "$(BUILT_PRODUCTS_DIR)/LPYFramework.app/LPYFramework";
			};
			name = Debug;
		};
		C44D1B761C2AD94200048CFF /* Release */ = {
			isa = XCBuildConfiguration;
			buildSettings = {
				BUNDLE_LOADER = "$(TEST_HOST)";
				INFOPLIST_FILE = LPYFrameworkTests/Info.plist;
				LD_RUNPATH_SEARCH_PATHS = "$(inherited) @executable_path/Frameworks @loader_path/Frameworks";
				PRODUCT_BUNDLE_IDENTIFIER = com.liupuyan.app.LPYFrameworkTests;
				PRODUCT_NAME = "$(TARGET_NAME)";
				TEST_HOST = "$(BUILT_PRODUCTS_DIR)/LPYFramework.app/LPYFramework";
			};
			name = Release;
		};
		C44D1B781C2AD94200048CFF /* Debug */ = {
			isa = XCBuildConfiguration;
			buildSettings = {
				INFOPLIST_FILE = LPYFrameworkUITests/Info.plist;
				LD_RUNPATH_SEARCH_PATHS = "$(inherited) @executable_path/Frameworks @loader_path/Frameworks";
				PRODUCT_BUNDLE_IDENTIFIER = com.liupuyan.app.LPYFrameworkUITests;
				PRODUCT_NAME = "$(TARGET_NAME)";
				TEST_TARGET_NAME = LPYFramework;
				USES_XCTRUNNER = YES;
			};
			name = Debug;
		};
		C44D1B791C2AD94200048CFF /* Release */ = {
			isa = XCBuildConfiguration;
			buildSettings = {
				INFOPLIST_FILE = LPYFrameworkUITests/Info.plist;
				LD_RUNPATH_SEARCH_PATHS = "$(inherited) @executable_path/Frameworks @loader_path/Frameworks";
				PRODUCT_BUNDLE_IDENTIFIER = com.liupuyan.app.LPYFrameworkUITests;
				PRODUCT_NAME = "$(TARGET_NAME)";
				TEST_TARGET_NAME = LPYFramework;
				USES_XCTRUNNER = YES;
			};
			name = Release;
		};
/* End XCBuildConfiguration section */

/* Begin XCConfigurationList section */
		C44D1B3F1C2AD94100048CFF /* Build configuration list for PBXProject "LPYFramework" */ = {
			isa = XCConfigurationList;
			buildConfigurations = (
				C44D1B6F1C2AD94200048CFF /* Debug */,
				C44D1B701C2AD94200048CFF /* Release */,
			);
			defaultConfigurationIsVisible = 0;
			defaultConfigurationName = Release;
		};
		C44D1B711C2AD94200048CFF /* Build configuration list for PBXNativeTarget "LPYFramework" */ = {
			isa = XCConfigurationList;
			buildConfigurations = (
				C44D1B721C2AD94200048CFF /* Debug */,
				C44D1B731C2AD94200048CFF /* Release */,
			);
			defaultConfigurationIsVisible = 0;
			defaultConfigurationName = Release;
		};
		C44D1B741C2AD94200048CFF /* Build configuration list for PBXNativeTarget "LPYFrameworkTests" */ = {
			isa = XCConfigurationList;
			buildConfigurations = (
				C44D1B751C2AD94200048CFF /* Debug */,
				C44D1B761C2AD94200048CFF /* Release */,
			);
			defaultConfigurationIsVisible = 0;
			defaultConfigurationName = Release;
		};
		C44D1B771C2AD94200048CFF /* Build configuration list for PBXNativeTarget "LPYFrameworkUITests" */ = {
			isa = XCConfigurationList;
			buildConfigurations = (
				C44D1B781C2AD94200048CFF /* Debug */,
				C44D1B791C2AD94200048CFF /* Release */,
			);
			defaultConfigurationIsVisible = 0;
			defaultConfigurationName = Release;
		};
/* End XCConfigurationList section */
	};
	rootObject = C44D1B3C1C2AD94100048CFF /* Project object */;
}
